// !$*UTF8*$!
{
	archiveVersion = 1;
	classes = {
	};
	objectVersion = 77;
	objects = {

/* Begin PBXBuildFile section */
		01C507D739001DA8CEB42E6A /* DIXOutlineView.m in Sources */ = {isa = PBXBuildFile; fileRef = 0E479A1227A8818AC3224D65 /* DIXOutlineView.m */; };
		021B34E569085213194E68D3 /* main.m in Sources */ = {isa = PBXBuildFile; fileRef = 92A7B3FA12BC6A0518CA5406 /* main.m */; };
		05BAAE4B8BD75508E2EE9FAC /* FSItem-Utilities.m in Sources */ = {isa = PBXBuildFile; fileRef = 2F2E23B0341CC165D3896627 /* FSItem-Utilities.m */; };
		0617A0A4C52333DB2B9C6E2D /* TreeMapPrefPage.m in Sources */ = {isa = PBXBuildFile; fileRef = 704A2FC06CD9F66F0051B903 /* TreeMapPrefPage.m */; };
		0D5F18FD0480BD4C936C496F /* AppsForItem.m in Sources */ = {isa = PBXBuildFile; fileRef = 4D1A0D3251CFE1E183A0F7DC /* AppsForItem.m */; };
		15D70C880DE4DE551AB0E494 /* VolumesPanel.xib in Resources */ = {isa = PBXBuildFile; fileRef = 787816960D9E8B1C4F8CE23C /* VolumesPanel.xib */; };
		1AE7B14E21F7E17D5A5D111C /* FileSizeFormatter.m in Sources */ = {isa = PBXBuildFile; fileRef = DE6F10072E3A3C6545AA6E4F /* FileSizeFormatter.m */; };
		1E1E5A09949211B7D106A4F4 /* SelectionListTableController.m in Sources */ = {isa = PBXBuildFile; fileRef = 6267F40B05EBC345C24D8B96 /* SelectionListTableController.m */; };
		222EEC82C6EC941367125097 /* InfoPanelController.m in Sources */ = {isa = PBXBuildFile; fileRef = 2CAE0C0484DF601A25EADA40 /* InfoPanelController.m */; };
		2A069423D1FCDA78DECB5FA8 /* ZoomOut.tiff in Resources */ = {isa = PBXBuildFile; fileRef = 080E06A52A42A816865F6F1E /* ZoomOut.tiff */; };
		2C600AC3925793E78ABF187D /* MainWindowToolbar.toolbar in Resources */ = {isa = PBXBuildFile; fileRef = A794FE687AA833796431B64D /* MainWindowToolbar.toolbar */; };
		2C9FA0C877860C5EC2E87AD6 /* MyDocumentController.m in Sources */ = {isa = PBXBuildFile; fileRef = 78734D6F07C6F747DEE4F67F /* MyDocumentController.m */; };
		2F4688CCFBA433D25BE04114 /* KindsStatisticDrawer.tiff in Resources */ = {isa = PBXBuildFile; fileRef = B748869A45C9D21177C9D5A9 /* KindsStatisticDrawer.tiff */; };
		30BBF186820AEB354B729347 /* LoadingPanel.xib in Resources */ = {isa = PBXBuildFile; fileRef = 872D6C6834D88A3458F8D072 /* LoadingPanel.xib */; };
		34B074839183017CDFAB273B /* GeneralPreferences.tiff in Resources */ = {isa = PBXBuildFile; fileRef = 6A6694454FF09FBD41F85DFA /* GeneralPreferences.tiff */; };
		34BC2DF7FE51C66DB6BECE9B /* NTTitledInfoView.m in Sources */ = {isa = PBXBuildFile; fileRef = F772DAB3AD69181A3905E983 /* NTTitledInfoView.m */; };
		3C6AD07896169886C77FE4FB /* TreeMapView.m in Sources */ = {isa = PBXBuildFile; fileRef = 49FC86D2B525DD2DE78A0057 /* TreeMapView.m */; };
		3D14EE5B2BFA45119943FADC /* Defaults.plist in Resources */ = {isa = PBXBuildFile; fileRef = C85B98C5B4F1CCF64F480DB9 /* Defaults.plist */; };
		3F3B9DA761B6246C179EFD1C /* NSFileManager-Extensions.m in Sources */ = {isa = PBXBuildFile; fileRef = 9749B1EBB6026A3B1987BC1D /* NSFileManager-Extensions.m */; };
		46F66801BF8CCCE52170BBE1 /* MainWindowController.m in Sources */ = {isa = PBXBuildFile; fileRef = 67C8B3F73F03F8B690A0337A /* MainWindowController.m */; };
		493A7DE1E0A3DD46ACECBA06 /* DIXFileInfoView.m in Sources */ = {isa = PBXBuildFile; fileRef = E98FDEEB4827CE3CD521862E /* DIXFileInfoView.m */; };
		537DC3F2708A7EC76F4038B4 /* DIXTableView.m in Sources */ = {isa = PBXBuildFile; fileRef = 115B15614CB98A3BD5C9B793 /* DIXTableView.m */; };
		5D40C99B0A575C649C61AFBB /* PrefsPanelController.m in Sources */ = {isa = PBXBuildFile; fileRef = 934461062A44CB54D8624F5E /* PrefsPanelController.m */; };
		6274E7B067CE74FA65F2E985 /* InfoPanel.xib in Resources */ = {isa = PBXBuildFile; fileRef = 402941E395B3B5D0B8617830 /* InfoPanel.xib */; };
		663EBDADAF73FE781090F87C /* VolumeUsageTransformer.m in Sources */ = {isa = PBXBuildFile; fileRef = F0D98C903B9B9CDB5B6D406C /* VolumeUsageTransformer.m */; };
		6F8583E6A7842BE3F6BACA39 /* TreeMapPreferences.tiff in Resources */ = {isa = PBXBuildFile; fileRef = DB1617B1FA895FFF26253894 /* TreeMapPreferences.tiff */; };
		77F8E151A0CB126F62413DC3 /* FileKindsTableController.m in Sources */ = {isa = PBXBuildFile; fileRef = A888E8B94F70C555B9A7E763 /* FileKindsTableController.m */; };
		796BB37DD7BEEA7D74F9ED64 /* VolumeNameTransformer.m in Sources */ = {isa = PBXBuildFile; fileRef = 6107A2BCAC3CB8436B37E9FC /* VolumeNameTransformer.m */; };
		80A8A4080CB1D46933E15A56 /* FileKindsPopupController.m in Sources */ = {isa = PBXBuildFile; fileRef = 57BDD7EF87459DD2AEB65654 /* FileKindsPopupController.m */; };
		82C5388C36B3D2290FC3E777 /* TreeMapPreferencesPage.xib in Resources */ = {isa = PBXBuildFile; fileRef = 963C731E4D9418B1535A4052 /* TreeMapPreferencesPage.xib */; };
		88802D398F9EE444E5404FEB /* InfoPlist.strings in Resources */ = {isa = PBXBuildFile; fileRef = C79F5E083C04A7E7327CF96B /* InfoPlist.strings */; };
		891CD86A644339D8EEEDC188 /* ZoomInfo.m in Sources */ = {isa = PBXBuildFile; fileRef = 0FE1E7B07E52794858E8C165 /* ZoomInfo.m */; };
		89D35C6A39A73AFFF8890356 /* GeneralPrefPage.m in Sources */ = {isa = PBXBuildFile; fileRef = FDAB9180334198843630150B /* GeneralPrefPage.m */; };
		8AF8C6C163CF0EBBC323A69F /* Preferences.tiff in Resources */ = {isa = PBXBuildFile; fileRef = F077FAE6F5209ACE7F9DFDA8 /* Preferences.tiff */; };
		8F595C368183ABFD33CD7204 /* DrivesPanelController.m in Sources */ = {isa = PBXBuildFile; fileRef = 159FD1F5C8C9A4F06DA54021 /* DrivesPanelController.m */; };
		96D5B1CDD6EFA0270E86EC87 /* ZoomIn.tiff in Resources */ = {isa = PBXBuildFile; fileRef = 0F5CA1594093D83D9CCA7DAE /* ZoomIn.tiff */; };
		982E4FC2BA2F5BB9565BD8D2 /* NSAlert-Extensions.m in Sources */ = {isa = PBXBuildFile; fileRef = CCA36ED3718B156C2729DD45 /* NSAlert-Extensions.m */; };
		993EB42329537E6C80B1127F /* TMVCushionRenderer.m in Sources */ = {isa = PBXBuildFile; fileRef = 4A671861EDEF3E75A5CF7181 /* TMVCushionRenderer.m */; };
		9A257E9A517F55B58EA92E59 /* TreeMap.xib in Resources */ = {isa = PBXBuildFile; fileRef = 639D0504284E0BC2BEF532C1 /* TreeMap.xib */; };
		9AE93DC5AD2F61513941022E /* NTTitledInfoPair.m in Sources */ = {isa = PBXBuildFile; fileRef = AD454C1326BC4981A83E4FA6 /* NTTitledInfoPair.m */; };
		9E9CCBBD30DED1024FBE0034 /* LoadingPanelController.m in Sources */ = {isa = PBXBuildFile; fileRef = 40086F6C5DA460AA6D574881 /* LoadingPanelController.m */; };
		A164E3EB30BF92E642BF6510 /* PrefsPageBase.m in Sources */ = {isa = PBXBuildFile; fileRef = 0C5659B5926CF6CFFA9416BB /* PrefsPageBase.m */; };
		A417DBF7D122249D671EE6FE /* ShowPackageContentsClosed.png in Resources */ = {isa = PBXBuildFile; fileRef = 1D4092F39AEE80AF1AF6670A /* ShowPackageContentsClosed.png */; };
		A92B5E738FEDA17490B71FDD /* DonationPanel.xib in Resources */ = {isa = PBXBuildFile; fileRef = 39A436E3A8EB3B12C5591CFF /* DonationPanel.xib */; };
		A9BC06F5A175E91B35D52E20 /* RefreshSelection.png in Resources */ = {isa = PBXBuildFile; fileRef = B8B0D48301D1585F45838CD1 /* RefreshSelection.png */; };
		B1C1B29743232AF53EB7EE48 /* Localizable.strings in Resources */ = {isa = PBXBuildFile; fileRef = BFEF25C54DBDDB75CE3373FD /* Localizable.strings */; };
		B45170ED803EA1360A5AF7CC /* TMVItem.m in Sources */ = {isa = PBXBuildFile; fileRef = 4825AACE3502DDC9B37ADC83 /* TMVItem.m */; };
		B5447C88E59C2AC634ADF6D6 /* Preferences.strings in Resources */ = {isa = PBXBuildFile; fileRef = 084A4C5955960C1873E1F912 /* Preferences.strings */; };
		B5E1879D0D6F5414200BAFF0 /* FSItem.m in Sources */ = {isa = PBXBuildFile; fileRef = 3540470D54103A57CD9627C7 /* FSItem.m */; };
		BDA60F993BCFA89979C25875 /* Inspector.tiff in Resources */ = {isa = PBXBuildFile; fileRef = 1463007A80159D127000D331 /* Inspector.tiff */; };
		BF75B5F3A8C5D51DDFF255AD /* FileSystemDoc.m in Sources */ = {isa = PBXBuildFile; fileRef = CB05FB6928228EE4E0073B81 /* FileSystemDoc.m */; };
		C2C1C7D63E0C01AD90E9D5FB /* ImageAndTextCell.m in Sources */ = {isa = PBXBuildFile; fileRef = 6009E28CCEDF076A5B76366E /* ImageAndTextCell.m */; };
		C45F9ED3B65F620A0B81D6D9 /* FilesOutlineViewController.m in Sources */ = {isa = PBXBuildFile; fileRef = 59E9875ECE6D4F4B959C084A /* FilesOutlineViewController.m */; };
		C7D58CD4B33B9A6FAB025A93 /* NTInfoView.m in Sources */ = {isa = PBXBuildFile; fileRef = 47235EAF92ABE6E558236345 /* NTInfoView.m */; };
		C91BF51EC616D289F2831083 /* ShowPackageContentsOpen.png in Resources */ = {isa = PBXBuildFile; fileRef = C8816ECAE18F51DFBEF77004 /* ShowPackageContentsOpen.png */; };
		D0C0853D7A929B8DCA3DF5B0 /* Preferences.m in Sources */ = {isa = PBXBuildFile; fileRef = E4DDCA02F157A6C1323CF367 /* Preferences.m */; };
		D1F99A5ADAFED352CA478DFB /* SelectionListController.m in Sources */ = {isa = PBXBuildFile; fileRef = FE71EB2281522D2382EEE8A6 /* SelectionListController.m */; };
		D4E61790D23CBA651FF9913E /* FSItemIndex.m in Sources */ = {isa = PBXBuildFile; fileRef = DB8C534ADF433E432C10967F /* FSItemIndex.m */; };
		D50A28F190F3F3750C4A4F5A /* Timing.c in Sources */ = {isa = PBXBuildFile; fileRef = F1FFBD21E15CB3D3D236383E /* Timing.c */; };
		D5F4F4949D2D2D9E4B8D90BB /* GeneralPreferencesPage.xib in Resources */ = {isa = PBXBuildFile; fileRef = 9D33735FFEE3855BC8DCE4C8 /* GeneralPreferencesPage.xib */; };
		D84F4004E1008F3C29EB211F /* RefreshAll.png in Resources */ = {isa = PBXBuildFile; fileRef = FC38F1BBF84E6E6EC55942F8 /* RefreshAll.png */; };
		D912CE59ADD4054D640BDD25 /* MainMenu.xib in Resources */ = {isa = PBXBuildFile; fileRef = 002BD766F6E54BD7404C7FE4 /* MainMenu.xib */; };
		DB8C39CDA4E287C43105B0F4 /* GenericArrayController.m in Sources */ = {isa = PBXBuildFile; fileRef = DE5FE5058F27A625C9B760D1 /* GenericArrayController.m */; };
		DEAA16E159F771D4AAC23BF4 /* NTFilePasteboardSource.m in Sources */ = {isa = PBXBuildFile; fileRef = 0F6C8234B6DD02C9C6133451 /* NTFilePasteboardSource.m */; };
		DEB6B4731D5D16764EE8D49C /* Images.xcassets in Resources */ = {isa = PBXBuildFile; fileRef = 9A174904601F3B0EBBA42BD3 /* Images.xcassets */; };
		E0A7400BC92ACC214B336C59 /* NSView-BackingCoordsHelpers.m in Sources */ = {isa = PBXBuildFile; fileRef = A6E05C14DDDCA495A92E952E /* NSView-BackingCoordsHelpers.m */; };
		E33BA08D1AD56F332B4969E5 /* MainWindow.m in Sources */ = {isa = PBXBuildFile; fileRef = 562FDB77BF399F81FD53377E /* MainWindow.m */; };
		E49FEBD2BFACBE302DCFD640 /* ToolbarWindowController.m in Sources */ = {isa = PBXBuildFile; fileRef = 861FB6AE9B50060AFFD51F6A /* ToolbarWindowController.m */; };
		E99116BAE876AA2A399608B2 /* TreeMapViewController.m in Sources */ = {isa = PBXBuildFile; fileRef = 7CAA91FED37BC67E336A0EB4 /* TreeMapViewController.m */; };
		EA8F7498B02F6039FCF6E112 /* RevealInFinder.png in Resources */ = {isa = PBXBuildFile; fileRef = 7105FB7613CBC16C3D6CD5C2 /* RevealInFinder.png */; };
		EADA8F85CD647920A664EB3B /* FileSizeTransformer.m in Sources */ = {isa = PBXBuildFile; fileRef = 6DDA4C36C4DD0471E942A2F6 /* FileSizeTransformer.m */; };
		EB89AEE4A3DE9E35ACF58346 /* NSBitmapImageRep-CreationExtensions.m in Sources */ = {isa = PBXBuildFile; fileRef = 9A14A2E39C7615F4E936BD04 /* NSBitmapImageRep-CreationExtensions.m */; };
		EBD11F20000AC83FEBF55062 /* MoveToTrash.png in Resources */ = {isa = PBXBuildFile; fileRef = 464F5C36B806CD98E22E2F35 /* MoveToTrash.png */; };
		F50EC5EC17E2FD126DC39A0D /* Credits.rtf in Resources */ = {isa = PBXBuildFile; fileRef = 73E95BC550CF96FB3F2F90E6 /* Credits.rtf */; };
		F8500F66A3E2C6991C043F4F /* FileTypeColors.m in Sources */ = {isa = PBXBuildFile; fileRef = 60D50E1E3FF0C79586F39888 /* FileTypeColors.m */; };
		FBE7FE2074FD59595AC62D7A /* NSURL-Extensions.m in Sources */ = {isa = PBXBuildFile; fileRef = CD39776115D44B81730992B5 /* NSURL-Extensions.m */; };
/* End PBXBuildFile section */

/* Begin PBXFileReference section */
		0046D75782B98451F2957628 /* en */ = {isa = PBXFileReference; lastKnownFileType = file.xib; name = en; path = en.lproj/MainMenu.xib; sourceTree = "<group>"; };
		05D0824DA969FEA58707AA55 /* fr */ = {isa = PBXFileReference; lastKnownFileType = text.plist.strings; name = fr; path = fr.lproj/Localizable.strings; sourceTree = "<group>"; };
		06205F726B0E5463603112DA /* fr */ = {isa = PBXFileReference; lastKnownFileType = file.xib; name = fr; path = fr.lproj/GeneralPreferencesPage.xib; sourceTree = "<group>"; };
		080E06A52A42A816865F6F1E /* ZoomOut.tiff */ = {isa = PBXFileReference; lastKnownFileType = image.tiff; path = ZoomOut.tiff; sourceTree = "<group>"; };
		085FEF866D0C9992CCFA356B /* fr */ = {isa = PBXFileReference; lastKnownFileType = file.xib; name = fr; path = fr.lproj/DonationPanel.xib; sourceTree = "<group>"; };
		0C5659B5926CF6CFFA9416BB /* PrefsPageBase.m */ = {isa = PBXFileReference; lastKnownFileType = sourcecode.c.objc; path = PrefsPageBase.m; sourceTree = "<group>"; };
		0E2E0564DB5C57D2EBA19DE2 /* fr */ = {isa = PBXFileReference; lastKnownFileType = file.xib; name = fr; path = fr.lproj/TreeMap.xib; sourceTree = "<group>"; };
		0E479A1227A8818AC3224D65 /* DIXOutlineView.m */ = {isa = PBXFileReference; lastKnownFileType = sourcecode.c.objc; path = DIXOutlineView.m; sourceTree = "<group>"; };
		0E9D903834E797B03E1855A2 /* es */ = {isa = PBXFileReference; lastKnownFileType = text.plist.strings; name = es; path = es.lproj/Localizable.strings; sourceTree = "<group>"; };
		0EE34B295A2FF38622E62296 /* es */ = {isa = PBXFileReference; lastKnownFileType = file.xib; name = es; path = es.lproj/MainMenu.xib; sourceTree = "<group>"; };
		0F5CA1594093D83D9CCA7DAE /* ZoomIn.tiff */ = {isa = PBXFileReference; lastKnownFileType = image.tiff; path = ZoomIn.tiff; sourceTree = "<group>"; };
		0F6C8234B6DD02C9C6133451 /* NTFilePasteboardSource.m */ = {isa = PBXFileReference; lastKnownFileType = sourcecode.c.objc; path = NTFilePasteboardSource.m; sourceTree = "<group>"; };
		0FE1E7B07E52794858E8C165 /* ZoomInfo.m */ = {isa = PBXFileReference; lastKnownFileType = sourcecode.c.objc; path = ZoomInfo.m; sourceTree = "<group>"; };
		115B15614CB98A3BD5C9B793 /* DIXTableView.m */ = {isa = PBXFileReference; lastKnownFileType = sourcecode.c.objc; path = DIXTableView.m; sourceTree = "<group>"; };
		135E3B3472E166B45AEC653E /* es */ = {isa = PBXFileReference; lastKnownFileType = file.xib; name = es; path = es.lproj/LoadingPanel.xib; sourceTree = "<group>"; };
		13783A78DDCF0D5D3FAD3218 /* fr */ = {isa = PBXFileReference; lastKnownFileType = file.xib; name = fr; path = fr.lproj/LoadingPanel.xib; sourceTree = "<group>"; };
		1463007A80159D127000D331 /* Inspector.tiff */ = {isa = PBXFileReference; lastKnownFileType = image.tiff; path = Inspector.tiff; sourceTree = "<group>"; };
		159FD1F5C8C9A4F06DA54021 /* DrivesPanelController.m */ = {isa = PBXFileReference; lastKnownFileType = sourcecode.c.objc; path = DrivesPanelController.m; sourceTree = "<group>"; };
		1607A7C78740A39BD630CDE4 /* NSView-BackingCoordsHelpers.h */ = {isa = PBXFileReference; lastKnownFileType = sourcecode.c.h; path = "NSView-BackingCoordsHelpers.h"; sourceTree = "<group>"; };
		181C0355B5782EEE280466D5 /* FSItem-Utilities.h */ = {isa = PBXFileReference; lastKnownFileType = sourcecode.c.h; path = "FSItem-Utilities.h"; sourceTree = "<group>"; };
		186B438EB4D30A016A7D6812 /* Signing.xcconfig */ = {isa = PBXFileReference; lastKnownFileType = text.xcconfig; path = Signing.xcconfig; sourceTree = "<group>"; };
		1871FEE5D4F41A364BF24A76 /* Preferences.h */ = {isa = PBXFileReference; lastKnownFileType = sourcecode.c.h; path = Preferences.h; sourceTree = "<group>"; };
		1D4092F39AEE80AF1AF6670A /* ShowPackageContentsClosed.png */ = {isa = PBXFileReference; lastKnownFileType = image.png; path = ShowPackageContentsClosed.png; sourceTree = "<group>"; };
		1DA4218583AE81935A754296 /* de */ = {isa = PBXFileReference; lastKnownFileType = text.plist.strings; name = de; path = de.lproj/Localizable.strings; sourceTree = "<group>"; };
		1EBC9B816F802FFA05DB4128 /* es */ = {isa = PBXFileReference; lastKnownFileType = file.xib; name = es; path = es.lproj/GeneralPreferencesPage.xib; sourceTree = "<group>"; };
		22EBBE47CED0D7489D026621 /* GeneralPrefPage.h */ = {isa = PBXFileReference; lastKnownFileType = sourcecode.c.h; path = GeneralPrefPage.h; sourceTree = "<group>"; };
		273BFAD21222F88F479B9E02 /* MainWindow.h */ = {isa = PBXFileReference; lastKnownFileType = sourcecode.c.h; path = MainWindow.h; sourceTree = "<group>"; };
		276FFFED11D5D153DEC3EC20 /* NSBitmapImageRep-CreationExtensions.h */ = {isa = PBXFileReference; lastKnownFileType = sourcecode.c.h; path = "NSBitmapImageRep-CreationExtensions.h"; sourceTree = "<group>"; };
		2BA84BBF693A920EA6A8C357 /* fr */ = {isa = PBXFileReference; lastKnownFileType = file.xib; name = fr; path = fr.lproj/MainMenu.xib; sourceTree = "<group>"; };
		2C6EF8B3C90E48908A387549 /* es */ = {isa = PBXFileReference; lastKnownFileType = text.plist.strings; name = es; path = es.lproj/InfoPlist.strings; sourceTree = "<group>"; };
		2CAE0C0484DF601A25EADA40 /* InfoPanelController.m */ = {isa = PBXFileReference; lastKnownFileType = sourcecode.c.objc; path = InfoPanelController.m; sourceTree = "<group>"; };
		2E9A14E2DF4BE975B43A7C5B /* InfoPanelController.h */ = {isa = PBXFileReference; lastKnownFileType = sourcecode.c.h; path = InfoPanelController.h; sourceTree = "<group>"; };
		2F2E23B0341CC165D3896627 /* FSItem-Utilities.m */ = {isa = PBXFileReference; lastKnownFileType = sourcecode.c.objc; path = "FSItem-Utilities.m"; sourceTree = "<group>"; };
		3540470D54103A57CD9627C7 /* FSItem.m */ = {isa = PBXFileReference; lastKnownFileType = sourcecode.c.objc; path = FSItem.m; sourceTree = "<group>"; };
		384880679E6B6091469CFCF5 /* NTTitledInfoView.h */ = {isa = PBXFileReference; lastKnownFileType = sourcecode.c.h; path = NTTitledInfoView.h; sourceTree = "<group>"; };
		3B6B946DF982783D41E77E86 /* en */ = {isa = PBXFileReference; lastKnownFileType = text.plist.strings; name = en; path = en.lproj/InfoPlist.strings; sourceTree = "<group>"; };
		3E73DB9EA18B690C4D3B3019 /* TMVItem.h */ = {isa = PBXFileReference; lastKnownFileType = sourcecode.c.h; path = TMVItem.h; sourceTree = "<group>"; };
		40086F6C5DA460AA6D574881 /* LoadingPanelController.m */ = {isa = PBXFileReference; lastKnownFileType = sourcecode.c.objc; path = LoadingPanelController.m; sourceTree = "<group>"; };
		4203D8F52B03912BFF8A00E1 /* ZoomInfo.h */ = {isa = PBXFileReference; lastKnownFileType = sourcecode.c.h; path = ZoomInfo.h; sourceTree = "<group>"; };
		42C6A097EDC8912AC19B5F08 /* es */ = {isa = PBXFileReference; lastKnownFileType = text.rtf; name = es; path = es.lproj/Credits.rtf; sourceTree = "<group>"; };
		44FFD90741902A92F0E35ADE /* SelectionListController.h */ = {isa = PBXFileReference; lastKnownFileType = sourcecode.c.h; path = SelectionListController.h; sourceTree = "<group>"; };
		4620111FE4A55A3CCC00DED8 /* fr */ = {isa = PBXFileReference; lastKnownFileType = text.rtf; name = fr; path = fr.lproj/Credits.rtf; sourceTree = "<group>"; };
		464F5C36B806CD98E22E2F35 /* MoveToTrash.png */ = {isa = PBXFileReference; lastKnownFileType = image.png; path = MoveToTrash.png; sourceTree = "<group>"; };
		47235EAF92ABE6E558236345 /* NTInfoView.m */ = {isa = PBXFileReference; lastKnownFileType = sourcecode.c.objc; path = NTInfoView.m; sourceTree = "<group>"; };
		4825AACE3502DDC9B37ADC83 /* TMVItem.m */ = {isa = PBXFileReference; lastKnownFileType = sourcecode.c.objc; path = TMVItem.m; sourceTree = "<group>"; };
		49FC86D2B525DD2DE78A0057 /* TreeMapView.m */ = {isa = PBXFileReference; lastKnownFileType = sourcecode.c.objc; path = TreeMapView.m; sourceTree = "<group>"; };
		4A671861EDEF3E75A5CF7181 /* TMVCushionRenderer.m */ = {isa = PBXFileReference; lastKnownFileType = sourcecode.c.objc; path = TMVCushionRenderer.m; sourceTree = "<group>"; };
		4AB608FACDA8746F21B68CE7 /* de */ = {isa = PBXFileReference; name = de; path = de.lproj/Help; sourceTree = "<group>"; };
		4D1A0D3251CFE1E183A0F7DC /* AppsForItem.m */ = {isa = PBXFileReference; lastKnownFileType = sourcecode.c.objc; path = AppsForItem.m; sourceTree = "<group>"; };
		4E6C302938D0B2CD9076880B /* en */ = {isa = PBXFileReference; lastKnownFileType = file.xib; name = en; path = en.lproj/GeneralPreferencesPage.xib; sourceTree = "<group>"; };
		512A76EF19ABCDF4E0B3630C /* TreeMapViewController.h */ = {isa = PBXFileReference; lastKnownFileType = sourcecode.c.h; path = TreeMapViewController.h; sourceTree = "<group>"; };
		517E8D2E0DF857A82AFA931F /* ImageAndTextCell.h */ = {isa = PBXFileReference; lastKnownFileType = sourcecode.c.h; path = ImageAndTextCell.h; sourceTree = "<group>"; };
		51F0A2CBEFF93E90514468E9 /* DrivesPanelController.h */ = {isa = PBXFileReference; lastKnownFileType = sourcecode.c.h; path = DrivesPanelController.h; sourceTree = "<group>"; };
		562FDB77BF399F81FD53377E /* MainWindow.m */ = {isa = PBXFileReference; lastKnownFileType = sourcecode.c.objc; path = MainWindow.m; sourceTree = "<group>"; };
		57BDD7EF87459DD2AEB65654 /* FileKindsPopupController.m */ = {isa = PBXFileReference; lastKnownFileType = sourcecode.c.objc; path = FileKindsPopupController.m; sourceTree = "<group>"; };
		59E9875ECE6D4F4B959C084A /* FilesOutlineViewController.m */ = {isa = PBXFileReference; lastKnownFileType = sourcecode.c.objc; path = FilesOutlineViewController.m; sourceTree = "<group>"; };
		5BF7B10CE000E75FD4F207C4 /* NTTitledInfoPair.h */ = {isa = PBXFileReference; lastKnownFileType = sourcecode.c.h; path = NTTitledInfoPair.h; sourceTree = "<group>"; };
		5D221962B63A06C295CA903A /* fr */ = {isa = PBXFileReference; lastKnownFileType = file.xib; name = fr; path = fr.lproj/TreeMapPreferencesPage.xib; sourceTree = "<group>"; };
		5E093C7C4BD2619E22DA6701 /* LoadingPanelController.h */ = {isa = PBXFileReference; lastKnownFileType = sourcecode.c.h; path = LoadingPanelController.h; sourceTree = "<group>"; };
		5E5B269EEAF6B5F61F4D66A1 /* de */ = {isa = PBXFileReference; lastKnownFileType = file.xib; name = de; path = de.lproj/DonationPanel.xib; sourceTree = "<group>"; };
		5F62D8DFB43515CF108634A5 /* es */ = {isa = PBXFileReference; lastKnownFileType = text.plist.strings; name = es; path = es.lproj/Preferences.strings; sourceTree = "<group>"; };
		6009E28CCEDF076A5B76366E /* ImageAndTextCell.m */ = {isa = PBXFileReference; lastKnownFileType = sourcecode.c.objc; path = ImageAndTextCell.m; sourceTree = "<group>"; };
		60D50E1E3FF0C79586F39888 /* FileTypeColors.m */ = {isa = PBXFileReference; lastKnownFileType = sourcecode.c.objc; path = FileTypeColors.m; sourceTree = "<group>"; };
		6107A2BCAC3CB8436B37E9FC /* VolumeNameTransformer.m */ = {isa = PBXFileReference; lastKnownFileType = sourcecode.c.objc; path = VolumeNameTransformer.m; sourceTree = "<group>"; };
		6267F40B05EBC345C24D8B96 /* SelectionListTableController.m */ = {isa = PBXFileReference; lastKnownFileType = sourcecode.c.objc; path = SelectionListTableController.m; sourceTree = "<group>"; };
		6565FEA758B979B9DA32CC32 /* FSItem.h */ = {isa = PBXFileReference; lastKnownFileType = sourcecode.c.h; path = FSItem.h; sourceTree = "<group>"; };
		67C8B3F73F03F8B690A0337A /* MainWindowController.m */ = {isa = PBXFileReference; lastKnownFileType = sourcecode.c.objc; path = MainWindowController.m; sourceTree = "<group>"; };
		6A6694454FF09FBD41F85DFA /* GeneralPreferences.tiff */ = {isa = PBXFileReference; lastKnownFileType = image.tiff; path = GeneralPreferences.tiff; sourceTree = "<group>"; };
		6A78E13F2B1677D1D7104DCB /* FileSizeFormatter.h */ = {isa = PBXFileReference; lastKnownFileType = sourcecode.c.h; path = FileSizeFormatter.h; sourceTree = "<group>"; };
		6B272A03294994196AB8058E /* de */ = {isa = PBXFileReference; lastKnownFileType = file.xib; name = de; path = de.lproj/MainMenu.xib; sourceTree = "<group>"; };
		6B58E7B8CC88BEFA878D1B3D /* ToolbarWindowController.h */ = {isa = PBXFileReference; lastKnownFileType = sourcecode.c.h; path = ToolbarWindowController.h; sourceTree = "<group>"; };
		6C2365F4CAB2EB8D73EDB110 /* TreeMapPrefPage.h */ = {isa = PBXFileReference; lastKnownFileType = sourcecode.c.h; path = TreeMapPrefPage.h; sourceTree = "<group>"; };
		6DDA4C36C4DD0471E942A2F6 /* FileSizeTransformer.m */ = {isa = PBXFileReference; lastKnownFileType = sourcecode.c.objc; path = FileSizeTransformer.m; sourceTree = "<group>"; };
		704A2FC06CD9F66F0051B903 /* TreeMapPrefPage.m */ = {isa = PBXFileReference; lastKnownFileType = sourcecode.c.objc; path = TreeMapPrefPage.m; sourceTree = "<group>"; };
		704FCC7E176B3EBCBE3FC94C /* NSFileManager-Extensions.h */ = {isa = PBXFileReference; lastKnownFileType = sourcecode.c.h; path = "NSFileManager-Extensions.h"; sourceTree = "<group>"; };
		7105FB7613CBC16C3D6CD5C2 /* RevealInFinder.png */ = {isa = PBXFileReference; lastKnownFileType = image.png; path = RevealInFinder.png; sourceTree = "<group>"; };
		7143C6F94B85FD6658A3B816 /* de */ = {isa = PBXFileReference; lastKnownFileType = file.xib; name = de; path = de.lproj/TreeMap.xib; sourceTree = "<group>"; };
		71919154A164239BD3F87012 /* DIXFileInfoView.h */ = {isa = PBXFileReference; lastKnownFileType = sourcecode.c.h; path = DIXFileInfoView.h; sourceTree = "<group>"; };
		75CB3A1A6A875814175E824B /* en */ = {isa = PBXFileReference; lastKnownFileType = file.xib; name = en; path = en.lproj/TreeMap.xib; sourceTree = "<group>"; };
		784341760B27157607188961 /* VolumeUsageTransformer.h */ = {isa = PBXFileReference; lastKnownFileType = sourcecode.c.h; path = VolumeUsageTransformer.h; sourceTree = "<group>"; };
		78638CB3FF93C1750200E67E /* es */ = {isa = PBXFileReference; lastKnownFileType = file.xib; name = es; path = es.lproj/InfoPanel.xib; sourceTree = "<group>"; };
		78734D6F07C6F747DEE4F67F /* MyDocumentController.m */ = {isa = PBXFileReference; lastKnownFileType = sourcecode.c.objc; path = MyDocumentController.m; sourceTree = "<group>"; };
		7B5C8C6988B484D476E7C969 /* en */ = {isa = PBXFileReference; name = en; path = en.lproj/Help; sourceTree = "<group>"; };
		7CAA91FED37BC67E336A0EB4 /* TreeMapViewController.m */ = {isa = PBXFileReference; lastKnownFileType = sourcecode.c.objc; path = TreeMapViewController.m; sourceTree = "<group>"; };
		7E214714A4766D8BC9C67027 /* DIXTableView.h */ = {isa = PBXFileReference; lastKnownFileType = sourcecode.c.h; path = DIXTableView.h; sourceTree = "<group>"; };
		7E6977CE55D162D4EA22D9DF /* en */ = {isa = PBXFileReference; lastKnownFileType = text.plist.strings; name = en; path = en.lproj/Localizable.strings; sourceTree = "<group>"; };
		8102E3E89FB9296A0E2428F1 /* Disk Inventory X_Prefix.pch */ = {isa = PBXFileReference; lastKnownFileType = sourcecode.c.h; path = "Disk Inventory X_Prefix.pch"; sourceTree = "<group>"; };
		861FB6AE9B50060AFFD51F6A /* ToolbarWindowController.m */ = {isa = PBXFileReference; lastKnownFileType = sourcecode.c.objc; path = ToolbarWindowController.m; sourceTree = "<group>"; };
		87801528576A9448A4DBA7AC /* es */ = {isa = PBXFileReference; lastKnownFileType = file.xib; name = es; path = es.lproj/TreeMap.xib; sourceTree = "<group>"; };
		880E7D258BB6E983FB864B11 /* MainWindowController.h */ = {isa = PBXFileReference; lastKnownFileType = sourcecode.c.h; path = MainWindowController.h; sourceTree = "<group>"; };
		8AB49D0C14F3F9587C603727 /* FilesOutlineViewController.h */ = {isa = PBXFileReference; lastKnownFileType = sourcecode.c.h; path = FilesOutlineViewController.h; sourceTree = "<group>"; };
		8C9C0795E73C03E2084E8D86 /* fr */ = {isa = PBXFileReference; lastKnownFileType = file.xib; name = fr; path = fr.lproj/VolumesPanel.xib; sourceTree = "<group>"; };
		8D32401601A7E9A67B7B0E2A /* TreeMapView.h */ = {isa = PBXFileReference; lastKnownFileType = sourcecode.c.h; path = TreeMapView.h; sourceTree = "<group>"; };
		8DB27781960B0AC5CF66BA03 /* es */ = {isa = PBXFileReference; name = es; path = es.lproj/Help; sourceTree = "<group>"; };
		8E238993EE9747720737CF0C /* FileKindsPopupController.h */ = {isa = PBXFileReference; lastKnownFileType = sourcecode.c.h; path = FileKindsPopupController.h; sourceTree = "<group>"; };
		8FEB4966A330ED5FD3EABE57 /* en */ = {isa = PBXFileReference; lastKnownFileType = file.xib; name = en; path = en.lproj/VolumesPanel.xib; sourceTree = "<group>"; };
		900EAD19803C0D56076D741D /* es */ = {isa = PBXFileReference; lastKnownFileType = file.xib; name = es; path = es.lproj/TreeMapPreferencesPage.xib; sourceTree = "<group>"; };
		92A7B3FA12BC6A0518CA5406 /* main.m */ = {isa = PBXFileReference; lastKnownFileType = sourcecode.c.objc; path = main.m; sourceTree = "<group>"; };
		934461062A44CB54D8624F5E /* PrefsPanelController.m */ = {isa = PBXFileReference; lastKnownFileType = sourcecode.c.objc; path = PrefsPanelController.m; sourceTree = "<group>"; };
		9749B1EBB6026A3B1987BC1D /* NSFileManager-Extensions.m */ = {isa = PBXFileReference; lastKnownFileType = sourcecode.c.objc; path = "NSFileManager-Extensions.m"; sourceTree = "<group>"; };
		98E051BFE04E811987801183 /* en */ = {isa = PBXFileReference; lastKnownFileType = file.xib; name = en; path = en.lproj/TreeMapPreferencesPage.xib; sourceTree = "<group>"; };
		9A14A2E39C7615F4E936BD04 /* NSBitmapImageRep-CreationExtensions.m */ = {isa = PBXFileReference; lastKnownFileType = sourcecode.c.objc; path = "NSBitmapImageRep-CreationExtensions.m"; sourceTree = "<group>"; };
		9A174904601F3B0EBBA42BD3 /* Images.xcassets */ = {isa = PBXFileReference; lastKnownFileType = folder.assetcatalog; path = Images.xcassets; sourceTree = "<group>"; };
		9F29E1AFEB09619BCEA23AF0 /* en */ = {isa = PBXFileReference; lastKnownFileType = text.plist.strings; name = en; path = en.lproj/Preferences.strings; sourceTree = "<group>"; };
		A124B1B82C9CC94291135294 /* de */ = {isa = PBXFileReference; lastKnownFileType = file.xib; name = de; path = de.lproj/LoadingPanel.xib; sourceTree = "<group>"; };
		A21ED9E7FAB2F48698360822 /* GenericArrayController.h */ = {isa = PBXFileReference; lastKnownFileType = sourcecode.c.h; path = GenericArrayController.h; sourceTree = "<group>"; };
		A318AEBB0A6298445ADFA189 /* FSItemIndex.h */ = {isa = PBXFileReference; lastKnownFileType = sourcecode.c.h; path = FSItemIndex.h; sourceTree = "<group>"; };
		A33532E80D989D19413E52EC /* MyDocumentController.h */ = {isa = PBXFileReference; lastKnownFileType = sourcecode.c.h; path = MyDocumentController.h; sourceTree = "<group>"; };
		A6E05C14DDDCA495A92E952E /* NSView-BackingCoordsHelpers.m */ = {isa = PBXFileReference; lastKnownFileType = sourcecode.c.objc; path = "NSView-BackingCoordsHelpers.m"; sourceTree = "<group>"; };
		A794FE687AA833796431B64D /* MainWindowToolbar.toolbar */ = {isa = PBXFileReference; path = MainWindowToolbar.toolbar; sourceTree = "<group>"; };
		A888E8B94F70C555B9A7E763 /* FileKindsTableController.m */ = {isa = PBXFileReference; lastKnownFileType = sourcecode.c.objc; path = FileKindsTableController.m; sourceTree = "<group>"; };
		AACB08D77F697A6386B73712 /* fr */ = {isa = PBXFileReference; name = fr; path = fr.lproj/Help; sourceTree = "<group>"; };
		ACF66F9B358AD3F87AB78B38 /* NSAlert-Extensions.h */ = {isa = PBXFileReference; lastKnownFileType = sourcecode.c.h; path = "NSAlert-Extensions.h"; sourceTree = "<group>"; };
		AD454C1326BC4981A83E4FA6 /* NTTitledInfoPair.m */ = {isa = PBXFileReference; lastKnownFileType = sourcecode.c.objc; path = NTTitledInfoPair.m; sourceTree = "<group>"; };
		AE79E51C77252460BDEA7F1C /* en */ = {isa = PBXFileReference; lastKnownFileType = file.xib; name = en; path = en.lproj/DonationPanel.xib; sourceTree = "<group>"; };
		B3E32B5CBF9C022910E197DE /* NTFilePasteboardSource.h */ = {isa = PBXFileReference; lastKnownFileType = sourcecode.c.h; path = NTFilePasteboardSource.h; sourceTree = "<group>"; };
		B3F0B19120FED48A77F8736C /* Timing.h */ = {isa = PBXFileReference; lastKnownFileType = sourcecode.c.h; path = Timing.h; sourceTree = "<group>"; };
		B4A583DAC0492F6CCC706FD0 /* FileSizeTransformer.h */ = {isa = PBXFileReference; lastKnownFileType = sourcecode.c.h; path = FileSizeTransformer.h; sourceTree = "<group>"; };
		B6D5D6261B91E600C2F3807F /* es */ = {isa = PBXFileReference; lastKnownFileType = file.xib; name = es; path = es.lproj/VolumesPanel.xib; sourceTree = "<group>"; };
		B748869A45C9D21177C9D5A9 /* KindsStatisticDrawer.tiff */ = {isa = PBXFileReference; lastKnownFileType = image.tiff; path = KindsStatisticDrawer.tiff; sourceTree = "<group>"; };
		B8B0D48301D1585F45838CD1 /* RefreshSelection.png */ = {isa = PBXFileReference; lastKnownFileType = image.png; path = RefreshSelection.png; sourceTree = "<group>"; };
		B9989DFFE184C695057365F2 /* TMVCushionRenderer.h */ = {isa = PBXFileReference; lastKnownFileType = sourcecode.c.h; path = TMVCushionRenderer.h; sourceTree = "<group>"; };
		BB3256A06CC80D9CCA35C989 /* de */ = {isa = PBXFileReference; lastKnownFileType = text.plist.strings; name = de; path = de.lproj/InfoPlist.strings; sourceTree = "<group>"; };
		BE3501F6C3B7CCD30A8DE111 /* fr */ = {isa = PBXFileReference; lastKnownFileType = text.plist.strings; name = fr; path = fr.lproj/InfoPlist.strings; sourceTree = "<group>"; };
		C052D6DDAA9B0A3FA89BAEEE /* NTInfoView.h */ = {isa = PBXFileReference; lastKnownFileType = sourcecode.c.h; path = NTInfoView.h; sourceTree = "<group>"; };
		C50084C62B1C90749826E66F /* fr */ = {isa = PBXFileReference; lastKnownFileType = text.plist.strings; name = fr; path = fr.lproj/Preferences.strings; sourceTree = "<group>"; };
		C60CEDD1F87AD98A0A91B654 /* de */ = {isa = PBXFileReference; lastKnownFileType = text.plist.strings; name = de; path = de.lproj/Preferences.strings; sourceTree = "<group>"; };
		C62D7EF3CDC2512918A53920 /* en */ = {isa = PBXFileReference; lastKnownFileType = file.xib; name = en; path = en.lproj/InfoPanel.xib; sourceTree = "<group>"; };
		C85B98C5B4F1CCF64F480DB9 /* Defaults.plist */ = {isa = PBXFileReference; lastKnownFileType = text.plist; path = Defaults.plist; sourceTree = "<group>"; };
		C8816ECAE18F51DFBEF77004 /* ShowPackageContentsOpen.png */ = {isa = PBXFileReference; lastKnownFileType = image.png; path = ShowPackageContentsOpen.png; sourceTree = "<group>"; };
		C8E9AA728B2ADD95BCF67216 /* fr */ = {isa = PBXFileReference; lastKnownFileType = file.xib; name = fr; path = fr.lproj/InfoPanel.xib; sourceTree = "<group>"; };
		CB05FB6928228EE4E0073B81 /* FileSystemDoc.m */ = {isa = PBXFileReference; lastKnownFileType = sourcecode.c.objc; path = FileSystemDoc.m; sourceTree = "<group>"; };
		CCA36ED3718B156C2729DD45 /* NSAlert-Extensions.m */ = {isa = PBXFileReference; lastKnownFileType = sourcecode.c.objc; path = "NSAlert-Extensions.m"; sourceTree = "<group>"; };
		CD39776115D44B81730992B5 /* NSURL-Extensions.m */ = {isa = PBXFileReference; lastKnownFileType = sourcecode.c.objc; path = "NSURL-Extensions.m"; sourceTree = "<group>"; };
		CD3C2EE9D0C449546AB23FEF /* NSURL-Extensions.h */ = {isa = PBXFileReference; lastKnownFileType = sourcecode.c.h; path = "NSURL-Extensions.h"; sourceTree = "<group>"; };
		CDFC072B5A69D03EE87444AE /* FileSystemDoc.h */ = {isa = PBXFileReference; lastKnownFileType = sourcecode.c.h; path = FileSystemDoc.h; sourceTree = "<group>"; };
		CFE6111133A691E6644148F9 /* de */ = {isa = PBXFileReference; lastKnownFileType = file.xib; name = de; path = de.lproj/GeneralPreferencesPage.xib; sourceTree = "<group>"; };
		D1FBD52350178D880029C614 /* es */ = {isa = PBXFileReference; lastKnownFileType = file.xib; name = es; path = es.lproj/DonationPanel.xib; sourceTree = "<group>"; };
		D27DB93A1ED4648B61BB3B3C /* FileTypeColors.h */ = {isa = PBXFileReference; lastKnownFileType = sourcecode.c.h; path = FileTypeColors.h; sourceTree = "<group>"; };
		DB1617B1FA895FFF26253894 /* TreeMapPreferences.tiff */ = {isa = PBXFileReference; lastKnownFileType = image.tiff; path = TreeMapPreferences.tiff; sourceTree = "<group>"; };
		DB8C534ADF433E432C10967F /* FSItemIndex.m */ = {isa = PBXFileReference; lastKnownFileType = sourcecode.c.objc; path = FSItemIndex.m; sourceTree = "<group>"; };
		DE5FE5058F27A625C9B760D1 /* GenericArrayController.m */ = {isa = PBXFileReference; lastKnownFileType = sourcecode.c.objc; path = GenericArrayController.m; sourceTree = "<group>"; };
		DE6F10072E3A3C6545AA6E4F /* FileSizeFormatter.m */ = {isa = PBXFileReference; lastKnownFileType = sourcecode.c.objc; path = FileSizeFormatter.m; sourceTree = "<group>"; };
		E06957005C1A957CEC9E532A /* DIXOutlineView.h */ = {isa = PBXFileReference; lastKnownFileType = sourcecode.c.h; path = DIXOutlineView.h; sourceTree = "<group>"; };
		E413C0F8729DEA0970B0E973 /* de */ = {isa = PBXFileReference; lastKnownFileType = file.xib; name = de; path = de.lproj/TreeMapPreferencesPage.xib; sourceTree = "<group>"; };
		E4DDCA02F157A6C1323CF367 /* Preferences.m */ = {isa = PBXFileReference; lastKnownFileType = sourcecode.c.objc; path = Preferences.m; sourceTree = "<group>"; };
		E8E06E39683DEF2D4C0C7D62 /* en */ = {isa = PBXFileReference; lastKnownFileType = file.xib; name = en; path = en.lproj/LoadingPanel.xib; sourceTree = "<group>"; };
		E8F915DC3CD0DF8D01DA8F3A /* PrefsPageBase.h */ = {isa = PBXFileReference; lastKnownFileType = sourcecode.c.h; path = PrefsPageBase.h; sourceTree = "<group>"; };
		E98FDEEB4827CE3CD521862E /* DIXFileInfoView.m */ = {isa = PBXFileReference; lastKnownFileType = sourcecode.c.objc; path = DIXFileInfoView.m; sourceTree = "<group>"; };
		E9E7FD9AB5933563D8DA275F /* SelectionListTableController.h */ = {isa = PBXFileReference; lastKnownFileType = sourcecode.c.h; path = SelectionListTableController.h; sourceTree = "<group>"; };
		EAA630BD9EEF2D7343210922 /* VolumeNameTransformer.h */ = {isa = PBXFileReference; lastKnownFileType = sourcecode.c.h; path = VolumeNameTransformer.h; sourceTree = "<group>"; };
		ED84F3FF6C093269FD656C30 /* de */ = {isa = PBXFileReference; lastKnownFileType = file.xib; name = de; path = de.lproj/VolumesPanel.xib; sourceTree = "<group>"; };
		EDAF862A99D0E8E600F25157 /* Disk Inventory X.app */ = {isa = PBXFileReference; explicitFileType = wrapper.application; includeInIndex = 0; path = "Disk Inventory X.app"; sourceTree = BUILT_PRODUCTS_DIR; };
		EE84BB0FD39D4C6421B30035 /* FileKindsTableController.h */ = {isa = PBXFileReference; lastKnownFileType = sourcecode.c.h; path = FileKindsTableController.h; sourceTree = "<group>"; };
		F077FAE6F5209ACE7F9DFDA8 /* Preferences.tiff */ = {isa = PBXFileReference; lastKnownFileType = image.tiff; path = Preferences.tiff; sourceTree = "<group>"; };
		F0D98C903B9B9CDB5B6D406C /* VolumeUsageTransformer.m */ = {isa = PBXFileReference; lastKnownFileType = sourcecode.c.objc; path = VolumeUsageTransformer.m; sourceTree = "<group>"; };
		F1CE9076569E5E13F13F3A38 /* de */ = {isa = PBXFileReference; lastKnownFileType = text.rtf; name = de; path = de.lproj/Credits.rtf; sourceTree = "<group>"; };
		F1FFBD21E15CB3D3D236383E /* Timing.c */ = {isa = PBXFileReference; lastKnownFileType = sourcecode.c.c; path = Timing.c; sourceTree = "<group>"; };
		F772DAB3AD69181A3905E983 /* NTTitledInfoView.m */ = {isa = PBXFileReference; lastKnownFileType = sourcecode.c.objc; path = NTTitledInfoView.m; sourceTree = "<group>"; };
		FA05E6D0C2E9F621B0684DF0 /* PrefsPanelController.h */ = {isa = PBXFileReference; lastKnownFileType = sourcecode.c.h; path = PrefsPanelController.h; sourceTree = "<group>"; };
		FA4D11AB0EE58232D062CE24 /* AppsForItem.h */ = {isa = PBXFileReference; lastKnownFileType = sourcecode.c.h; path = AppsForItem.h; sourceTree = "<group>"; };
		FAD0D8A3091B7A9EF672FF09 /* en */ = {isa = PBXFileReference; lastKnownFileType = text.rtf; name = en; path = en.lproj/Credits.rtf; sourceTree = "<group>"; };
		FC38F1BBF84E6E6EC55942F8 /* RefreshAll.png */ = {isa = PBXFileReference; lastKnownFileType = image.png; path = RefreshAll.png; sourceTree = "<group>"; };
		FDAB9180334198843630150B /* GeneralPrefPage.m */ = {isa = PBXFileReference; lastKnownFileType = sourcecode.c.objc; path = GeneralPrefPage.m; sourceTree = "<group>"; };
		FE657C53A361F891A4B2B7F3 /* de */ = {isa = PBXFileReference; lastKnownFileType = file.xib; name = de; path = de.lproj/InfoPanel.xib; sourceTree = "<group>"; };
		FE71EB2281522D2382EEE8A6 /* SelectionListController.m */ = {isa = PBXFileReference; lastKnownFileType = sourcecode.c.objc; path = SelectionListController.m; sourceTree = "<group>"; };
/* End PBXFileReference section */

/* Begin PBXGroup section */
		50D193E21922E502F14E78F5 = {
			isa = PBXGroup;
			children = (
				742A0A7FF56602028B353780 /* Config */,
				65D85F8226BCC70F1DF698E8 /* DiskInventoryX */,
				9713FC999587FF3643457691 /* TreeMapView */,
				85780B5BE9BA18F171E9B925 /* Products */,
			);
			sourceTree = "<group>";
		};
		65D85F8226BCC70F1DF698E8 /* DiskInventoryX */ = {
			isa = PBXGroup;
			children = (
				FA4D11AB0EE58232D062CE24 /* AppsForItem.h */,
				4D1A0D3251CFE1E183A0F7DC /* AppsForItem.m */,
				8102E3E89FB9296A0E2428F1 /* Disk Inventory X_Prefix.pch */,
				71919154A164239BD3F87012 /* DIXFileInfoView.h */,
				E98FDEEB4827CE3CD521862E /* DIXFileInfoView.m */,
				E06957005C1A957CEC9E532A /* DIXOutlineView.h */,
				0E479A1227A8818AC3224D65 /* DIXOutlineView.m */,
				7E214714A4766D8BC9C67027 /* DIXTableView.h */,
				115B15614CB98A3BD5C9B793 /* DIXTableView.m */,
				51F0A2CBEFF93E90514468E9 /* DrivesPanelController.h */,
				159FD1F5C8C9A4F06DA54021 /* DrivesPanelController.m */,
				8E238993EE9747720737CF0C /* FileKindsPopupController.h */,
				57BDD7EF87459DD2AEB65654 /* FileKindsPopupController.m */,
				EE84BB0FD39D4C6421B30035 /* FileKindsTableController.h */,
				A888E8B94F70C555B9A7E763 /* FileKindsTableController.m */,
				6A78E13F2B1677D1D7104DCB /* FileSizeFormatter.h */,
				DE6F10072E3A3C6545AA6E4F /* FileSizeFormatter.m */,
				B4A583DAC0492F6CCC706FD0 /* FileSizeTransformer.h */,
				6DDA4C36C4DD0471E942A2F6 /* FileSizeTransformer.m */,
				8AB49D0C14F3F9587C603727 /* FilesOutlineViewController.h */,
				59E9875ECE6D4F4B959C084A /* FilesOutlineViewController.m */,
				CDFC072B5A69D03EE87444AE /* FileSystemDoc.h */,
				CB05FB6928228EE4E0073B81 /* FileSystemDoc.m */,
				D27DB93A1ED4648B61BB3B3C /* FileTypeColors.h */,
				60D50E1E3FF0C79586F39888 /* FileTypeColors.m */,
				181C0355B5782EEE280466D5 /* FSItem-Utilities.h */,
				2F2E23B0341CC165D3896627 /* FSItem-Utilities.m */,
				6565FEA758B979B9DA32CC32 /* FSItem.h */,
				3540470D54103A57CD9627C7 /* FSItem.m */,
				A318AEBB0A6298445ADFA189 /* FSItemIndex.h */,
				DB8C534ADF433E432C10967F /* FSItemIndex.m */,
				22EBBE47CED0D7489D026621 /* GeneralPrefPage.h */,
				FDAB9180334198843630150B /* GeneralPrefPage.m */,
				A21ED9E7FAB2F48698360822 /* GenericArrayController.h */,
				DE5FE5058F27A625C9B760D1 /* GenericArrayController.m */,
				517E8D2E0DF857A82AFA931F /* ImageAndTextCell.h */,
				6009E28CCEDF076A5B76366E /* ImageAndTextCell.m */,
				2E9A14E2DF4BE975B43A7C5B /* InfoPanelController.h */,
				2CAE0C0484DF601A25EADA40 /* InfoPanelController.m */,
				5E093C7C4BD2619E22DA6701 /* LoadingPanelController.h */,
				40086F6C5DA460AA6D574881 /* LoadingPanelController.m */,
				92A7B3FA12BC6A0518CA5406 /* main.m */,
				273BFAD21222F88F479B9E02 /* MainWindow.h */,
				562FDB77BF399F81FD53377E /* MainWindow.m */,
				880E7D258BB6E983FB864B11 /* MainWindowController.h */,
				67C8B3F73F03F8B690A0337A /* MainWindowController.m */,
				A33532E80D989D19413E52EC /* MyDocumentController.h */,
				78734D6F07C6F747DEE4F67F /* MyDocumentController.m */,
				ACF66F9B358AD3F87AB78B38 /* NSAlert-Extensions.h */,
				CCA36ED3718B156C2729DD45 /* NSAlert-Extensions.m */,
				CD3C2EE9D0C449546AB23FEF /* NSURL-Extensions.h */,
				CD39776115D44B81730992B5 /* NSURL-Extensions.m */,
				1871FEE5D4F41A364BF24A76 /* Preferences.h */,
				E4DDCA02F157A6C1323CF367 /* Preferences.m */,
				E8F915DC3CD0DF8D01DA8F3A /* PrefsPageBase.h */,
				0C5659B5926CF6CFFA9416BB /* PrefsPageBase.m */,
				FA05E6D0C2E9F621B0684DF0 /* PrefsPanelController.h */,
				934461062A44CB54D8624F5E /* PrefsPanelController.m */,
				44FFD90741902A92F0E35ADE /* SelectionListController.h */,
				FE71EB2281522D2382EEE8A6 /* SelectionListController.m */,
				E9E7FD9AB5933563D8DA275F /* SelectionListTableController.h */,
				6267F40B05EBC345C24D8B96 /* SelectionListTableController.m */,
				F1FFBD21E15CB3D3D236383E /* Timing.c */,
				B3F0B19120FED48A77F8736C /* Timing.h */,
				6B58E7B8CC88BEFA878D1B3D /* ToolbarWindowController.h */,
				861FB6AE9B50060AFFD51F6A /* ToolbarWindowController.m */,
				6C2365F4CAB2EB8D73EDB110 /* TreeMapPrefPage.h */,
				704A2FC06CD9F66F0051B903 /* TreeMapPrefPage.m */,
				512A76EF19ABCDF4E0B3630C /* TreeMapViewController.h */,
				7CAA91FED37BC67E336A0EB4 /* TreeMapViewController.m */,
				EAA630BD9EEF2D7343210922 /* VolumeNameTransformer.h */,
				6107A2BCAC3CB8436B37E9FC /* VolumeNameTransformer.m */,
				784341760B27157607188961 /* VolumeUsageTransformer.h */,
				F0D98C903B9B9CDB5B6D406C /* VolumeUsageTransformer.m */,
				A3AFCB32517B115B6765D922 /* CocoaTech-Depreciated */,
				E7E5BCD7D4F75156990B4841 /* Foundation Extensions */,
				79366FEAC11367D4DFE140E7 /* Resources */,
			);
			path = DiskInventoryX;
			sourceTree = "<group>";
		};
		742A0A7FF56602028B353780 /* Config */ = {
			isa = PBXGroup;
			children = (
				186B438EB4D30A016A7D6812 /* Signing.xcconfig */,
			);
			path = Config;
			sourceTree = "<group>";
		};
		79366FEAC11367D4DFE140E7 /* Resources */ = {
			isa = PBXGroup;
			children = (
				C85B98C5B4F1CCF64F480DB9 /* Defaults.plist */,
				6A6694454FF09FBD41F85DFA /* GeneralPreferences.tiff */,
				9A174904601F3B0EBBA42BD3 /* Images.xcassets */,
				1463007A80159D127000D331 /* Inspector.tiff */,
				B748869A45C9D21177C9D5A9 /* KindsStatisticDrawer.tiff */,
				A794FE687AA833796431B64D /* MainWindowToolbar.toolbar */,
				464F5C36B806CD98E22E2F35 /* MoveToTrash.png */,
				F077FAE6F5209ACE7F9DFDA8 /* Preferences.tiff */,
				FC38F1BBF84E6E6EC55942F8 /* RefreshAll.png */,
				B8B0D48301D1585F45838CD1 /* RefreshSelection.png */,
				7105FB7613CBC16C3D6CD5C2 /* RevealInFinder.png */,
				1D4092F39AEE80AF1AF6670A /* ShowPackageContentsClosed.png */,
				C8816ECAE18F51DFBEF77004 /* ShowPackageContentsOpen.png */,
				DB1617B1FA895FFF26253894 /* TreeMapPreferences.tiff */,
				0F5CA1594093D83D9CCA7DAE /* ZoomIn.tiff */,
				080E06A52A42A816865F6F1E /* ZoomOut.tiff */,
				73E95BC550CF96FB3F2F90E6 /* Credits.rtf */,
				39A436E3A8EB3B12C5591CFF /* DonationPanel.xib */,
				9D33735FFEE3855BC8DCE4C8 /* GeneralPreferencesPage.xib */,
				C75BB0F8DBEFD95B88625057 /* Help */,
				402941E395B3B5D0B8617830 /* InfoPanel.xib */,
				C79F5E083C04A7E7327CF96B /* InfoPlist.strings */,
				872D6C6834D88A3458F8D072 /* LoadingPanel.xib */,
				BFEF25C54DBDDB75CE3373FD /* Localizable.strings */,
				002BD766F6E54BD7404C7FE4 /* MainMenu.xib */,
				084A4C5955960C1873E1F912 /* Preferences.strings */,
				639D0504284E0BC2BEF532C1 /* TreeMap.xib */,
				963C731E4D9418B1535A4052 /* TreeMapPreferencesPage.xib */,
				787816960D9E8B1C4F8CE23C /* VolumesPanel.xib */,
			);
			path = Resources;
			sourceTree = "<group>";
		};
		85780B5BE9BA18F171E9B925 /* Products */ = {
			isa = PBXGroup;
			children = (
				EDAF862A99D0E8E600F25157 /* Disk Inventory X.app */,
			);
			name = Products;
			sourceTree = "<group>";
		};
		9713FC999587FF3643457691 /* TreeMapView */ = {
			isa = PBXGroup;
			children = (
				276FFFED11D5D153DEC3EC20 /* NSBitmapImageRep-CreationExtensions.h */,
				9A14A2E39C7615F4E936BD04 /* NSBitmapImageRep-CreationExtensions.m */,
				1607A7C78740A39BD630CDE4 /* NSView-BackingCoordsHelpers.h */,
				A6E05C14DDDCA495A92E952E /* NSView-BackingCoordsHelpers.m */,
				B9989DFFE184C695057365F2 /* TMVCushionRenderer.h */,
				4A671861EDEF3E75A5CF7181 /* TMVCushionRenderer.m */,
				3E73DB9EA18B690C4D3B3019 /* TMVItem.h */,
				4825AACE3502DDC9B37ADC83 /* TMVItem.m */,
				8D32401601A7E9A67B7B0E2A /* TreeMapView.h */,
				49FC86D2B525DD2DE78A0057 /* TreeMapView.m */,
				4203D8F52B03912BFF8A00E1 /* ZoomInfo.h */,
				0FE1E7B07E52794858E8C165 /* ZoomInfo.m */,
			);
			path = TreeMapView;
			sourceTree = "<group>";
		};
		A3AFCB32517B115B6765D922 /* CocoaTech-Depreciated */ = {
			isa = PBXGroup;
			children = (
				B3E32B5CBF9C022910E197DE /* NTFilePasteboardSource.h */,
				0F6C8234B6DD02C9C6133451 /* NTFilePasteboardSource.m */,
				C052D6DDAA9B0A3FA89BAEEE /* NTInfoView.h */,
				47235EAF92ABE6E558236345 /* NTInfoView.m */,
				5BF7B10CE000E75FD4F207C4 /* NTTitledInfoPair.h */,
				AD454C1326BC4981A83E4FA6 /* NTTitledInfoPair.m */,
				384880679E6B6091469CFCF5 /* NTTitledInfoView.h */,
				F772DAB3AD69181A3905E983 /* NTTitledInfoView.m */,
			);
			path = "CocoaTech-Depreciated";
			sourceTree = "<group>";
		};
		E7E5BCD7D4F75156990B4841 /* Foundation Extensions */ = {
			isa = PBXGroup;
			children = (
				704FCC7E176B3EBCBE3FC94C /* NSFileManager-Extensions.h */,
				9749B1EBB6026A3B1987BC1D /* NSFileManager-Extensions.m */,
			);
			path = "Foundation Extensions";
			sourceTree = "<group>";
		};
/* End PBXGroup section */

/* Begin PBXNativeTarget section */
		EB6FDB35376587AE7ABDC7F6 /* Disk Inventory X */ = {
			isa = PBXNativeTarget;
			buildConfigurationList = A4D24B3D34A6A72BFA218D77 /* Build configuration list for PBXNativeTarget "Disk Inventory X" */;
			buildPhases = (
				3F69501DAF5D3EE1E6BDB642 /* Sources */,
				BF4F25B4369EED27442F80C4 /* Copy Help Books */,
				2B86963EE94DB0EFE4B77765 /* Resources */,
			);
			buildRules = (
			);
			dependencies = (
			);
			name = "Disk Inventory X";
			packageProductDependencies = (
			);
			productName = "Disk Inventory X";
			productReference = EDAF862A99D0E8E600F25157 /* Disk Inventory X.app */;
			productType = "com.apple.product-type.application";
		};
/* End PBXNativeTarget section */

/* Begin PBXProject section */
		EEA3718B3D26CC1A25E0FE46 /* Project object */ = {
			isa = PBXProject;
			attributes = {
				BuildIndependentTargetsInParallel = YES;
				LastUpgradeCheck = 1430;
				TargetAttributes = {
					EB6FDB35376587AE7ABDC7F6 = {
						DevelopmentTeam = "";
						ProvisioningStyle = Automatic;
					};
				};
			};
			buildConfigurationList = D01ED15206A74014386A56C9 /* Build configuration list for PBXProject "Disk Inventory X" */;
			developmentRegion = en;
			hasScannedForEncodings = 0;
			knownRegions = (
				Base,
				de,
				en,
				es,
				fr,
			);
			mainGroup = 50D193E21922E502F14E78F5;
			minimizedProjectReferenceProxies = 1;
			preferredProjectObjectVersion = 77;
			productRefGroup = 85780B5BE9BA18F171E9B925 /* Products */;
			projectDirPath = "";
			projectRoot = "";
			targets = (
				EB6FDB35376587AE7ABDC7F6 /* Disk Inventory X */,
			);
		};
/* End PBXProject section */

/* Begin PBXResourcesBuildPhase section */
		2B86963EE94DB0EFE4B77765 /* Resources */ = {
			isa = PBXResourcesBuildPhase;
			buildActionMask = 2147483647;
			files = (
				F50EC5EC17E2FD126DC39A0D /* Credits.rtf in Resources */,
				3D14EE5B2BFA45119943FADC /* Defaults.plist in Resources */,
				A92B5E738FEDA17490B71FDD /* DonationPanel.xib in Resources */,
				34B074839183017CDFAB273B /* GeneralPreferences.tiff in Resources */,
				D5F4F4949D2D2D9E4B8D90BB /* GeneralPreferencesPage.xib in Resources */,
				DEB6B4731D5D16764EE8D49C /* Images.xcassets in Resources */,
				6274E7B067CE74FA65F2E985 /* InfoPanel.xib in Resources */,
				88802D398F9EE444E5404FEB /* InfoPlist.strings in Resources */,
				BDA60F993BCFA89979C25875 /* Inspector.tiff in Resources */,
				2F4688CCFBA433D25BE04114 /* KindsStatisticDrawer.tiff in Resources */,
				30BBF186820AEB354B729347 /* LoadingPanel.xib in Resources */,
				B1C1B29743232AF53EB7EE48 /* Localizable.strings in Resources */,
				D912CE59ADD4054D640BDD25 /* MainMenu.xib in Resources */,
				2C600AC3925793E78ABF187D /* MainWindowToolbar.toolbar in Resources */,
				EBD11F20000AC83FEBF55062 /* MoveToTrash.png in Resources */,
				B5447C88E59C2AC634ADF6D6 /* Preferences.strings in Resources */,
				8AF8C6C163CF0EBBC323A69F /* Preferences.tiff in Resources */,
				D84F4004E1008F3C29EB211F /* RefreshAll.png in Resources */,
				A9BC06F5A175E91B35D52E20 /* RefreshSelection.png in Resources */,
				EA8F7498B02F6039FCF6E112 /* RevealInFinder.png in Resources */,
				A417DBF7D122249D671EE6FE /* ShowPackageContentsClosed.png in Resources */,
				C91BF51EC616D289F2831083 /* ShowPackageContentsOpen.png in Resources */,
				9A257E9A517F55B58EA92E59 /* TreeMap.xib in Resources */,
				6F8583E6A7842BE3F6BACA39 /* TreeMapPreferences.tiff in Resources */,
				82C5388C36B3D2290FC3E777 /* TreeMapPreferencesPage.xib in Resources */,
				15D70C880DE4DE551AB0E494 /* VolumesPanel.xib in Resources */,
				96D5B1CDD6EFA0270E86EC87 /* ZoomIn.tiff in Resources */,
				2A069423D1FCDA78DECB5FA8 /* ZoomOut.tiff in Resources */,
			);
			runOnlyForDeploymentPostprocessing = 0;
		};
/* End PBXResourcesBuildPhase section */

/* Begin PBXShellScriptBuildPhase section */
		BF4F25B4369EED27442F80C4 /* Copy Help Books */ = {
			isa = PBXShellScriptBuildPhase;
			alwaysOutOfDate = 1;
			buildActionMask = 2147483647;
			files = (
			);
			inputFileListPaths = (
			);
			inputPaths = (
			);
			name = "Copy Help Books";
			outputFileListPaths = (
			);
			outputPaths = (
			);
			runOnlyForDeploymentPostprocessing = 0;
			shellPath = /bin/sh;
			shellScript = "set -e\nfor dir in \"${SRCROOT}\"/DiskInventoryX/Resources/*.lproj/Help; do\n  lproj=$(basename \"$(dirname \"$dir\")\")\n  dest=\"${TARGET_BUILD_DIR}/${UNLOCALIZED_RESOURCES_FOLDER_PATH}/${lproj}\"\n  mkdir -p \"$dest\"\n  rsync -a --delete \"$dir/\" \"$dest/Help/\"\ndone\n";
		};
/* End PBXShellScriptBuildPhase section */

/* Begin PBXSourcesBuildPhase section */
		3F69501DAF5D3EE1E6BDB642 /* Sources */ = {
			isa = PBXSourcesBuildPhase;
			buildActionMask = 2147483647;
			files = (
				0D5F18FD0480BD4C936C496F /* AppsForItem.m in Sources */,
				493A7DE1E0A3DD46ACECBA06 /* DIXFileInfoView.m in Sources */,
				01C507D739001DA8CEB42E6A /* DIXOutlineView.m in Sources */,
				537DC3F2708A7EC76F4038B4 /* DIXTableView.m in Sources */,
				8F595C368183ABFD33CD7204 /* DrivesPanelController.m in Sources */,
				05BAAE4B8BD75508E2EE9FAC /* FSItem-Utilities.m in Sources */,
				B5E1879D0D6F5414200BAFF0 /* FSItem.m in Sources */,
				D4E61790D23CBA651FF9913E /* FSItemIndex.m in Sources */,
				80A8A4080CB1D46933E15A56 /* FileKindsPopupController.m in Sources */,
				77F8E151A0CB126F62413DC3 /* FileKindsTableController.m in Sources */,
				1AE7B14E21F7E17D5A5D111C /* FileSizeFormatter.m in Sources */,
				EADA8F85CD647920A664EB3B /* FileSizeTransformer.m in Sources */,
				BF75B5F3A8C5D51DDFF255AD /* FileSystemDoc.m in Sources */,
				F8500F66A3E2C6991C043F4F /* FileTypeColors.m in Sources */,
				C45F9ED3B65F620A0B81D6D9 /* FilesOutlineViewController.m in Sources */,
				89D35C6A39A73AFFF8890356 /* GeneralPrefPage.m in Sources */,
				DB8C39CDA4E287C43105B0F4 /* GenericArrayController.m in Sources */,
				C2C1C7D63E0C01AD90E9D5FB /* ImageAndTextCell.m in Sources */,
				222EEC82C6EC941367125097 /* InfoPanelController.m in Sources */,
				9E9CCBBD30DED1024FBE0034 /* LoadingPanelController.m in Sources */,
				E33BA08D1AD56F332B4969E5 /* MainWindow.m in Sources */,
				46F66801BF8CCCE52170BBE1 /* MainWindowController.m in Sources */,
				2C9FA0C877860C5EC2E87AD6 /* MyDocumentController.m in Sources */,
				982E4FC2BA2F5BB9565BD8D2 /* NSAlert-Extensions.m in Sources */,
				EB89AEE4A3DE9E35ACF58346 /* NSBitmapImageRep-CreationExtensions.m in Sources */,
				3F3B9DA761B6246C179EFD1C /* NSFileManager-Extensions.m in Sources */,
				FBE7FE2074FD59595AC62D7A /* NSURL-Extensions.m in Sources */,
				E0A7400BC92ACC214B336C59 /* NSView-BackingCoordsHelpers.m in Sources */,
				DEAA16E159F771D4AAC23BF4 /* NTFilePasteboardSource.m in Sources */,
				C7D58CD4B33B9A6FAB025A93 /* NTInfoView.m in Sources */,
				9AE93DC5AD2F61513941022E /* NTTitledInfoPair.m in Sources */,
				34BC2DF7FE51C66DB6BECE9B /* NTTitledInfoView.m in Sources */,
				D0C0853D7A929B8DCA3DF5B0 /* Preferences.m in Sources */,
				A164E3EB30BF92E642BF6510 /* PrefsPageBase.m in Sources */,
				5D40C99B0A575C649C61AFBB /* PrefsPanelController.m in Sources */,
				D1F99A5ADAFED352CA478DFB /* SelectionListController.m in Sources */,
				1E1E5A09949211B7D106A4F4 /* SelectionListTableController.m in Sources */,
				993EB42329537E6C80B1127F /* TMVCushionRenderer.m in Sources */,
				B45170ED803EA1360A5AF7CC /* TMVItem.m in Sources */,
				D50A28F190F3F3750C4A4F5A /* Timing.c in Sources */,
				E49FEBD2BFACBE302DCFD640 /* ToolbarWindowController.m in Sources */,
				0617A0A4C52333DB2B9C6E2D /* TreeMapPrefPage.m in Sources */,
				3C6AD07896169886C77FE4FB /* TreeMapView.m in Sources */,
				E99116BAE876AA2A399608B2 /* TreeMapViewController.m in Sources */,
				796BB37DD7BEEA7D74F9ED64 /* VolumeNameTransformer.m in Sources */,
				663EBDADAF73FE781090F87C /* VolumeUsageTransformer.m in Sources */,
				891CD86A644339D8EEEDC188 /* ZoomInfo.m in Sources */,
				021B34E569085213194E68D3 /* main.m in Sources */,
			);
			runOnlyForDeploymentPostprocessing = 0;
		};
/* End PBXSourcesBuildPhase section */

/* Begin PBXVariantGroup section */
		002BD766F6E54BD7404C7FE4 /* MainMenu.xib */ = {
			isa = PBXVariantGroup;
			children = (
				6B272A03294994196AB8058E /* de */,
				0046D75782B98451F2957628 /* en */,
				0EE34B295A2FF38622E62296 /* es */,
				2BA84BBF693A920EA6A8C357 /* fr */,
			);
			name = MainMenu.xib;
			sourceTree = "<group>";
		};
		084A4C5955960C1873E1F912 /* Preferences.strings */ = {
			isa = PBXVariantGroup;
			children = (
				C60CEDD1F87AD98A0A91B654 /* de */,
				9F29E1AFEB09619BCEA23AF0 /* en */,
				5F62D8DFB43515CF108634A5 /* es */,
				C50084C62B1C90749826E66F /* fr */,
			);
			name = Preferences.strings;
			sourceTree = "<group>";
		};
		39A436E3A8EB3B12C5591CFF /* DonationPanel.xib */ = {
			isa = PBXVariantGroup;
			children = (
				5E5B269EEAF6B5F61F4D66A1 /* de */,
				AE79E51C77252460BDEA7F1C /* en */,
				D1FBD52350178D880029C614 /* es */,
				085FEF866D0C9992CCFA356B /* fr */,
			);
			name = DonationPanel.xib;
			sourceTree = "<group>";
		};
		402941E395B3B5D0B8617830 /* InfoPanel.xib */ = {
			isa = PBXVariantGroup;
			children = (
				FE657C53A361F891A4B2B7F3 /* de */,
				C62D7EF3CDC2512918A53920 /* en */,
				78638CB3FF93C1750200E67E /* es */,
				C8E9AA728B2ADD95BCF67216 /* fr */,
			);
			name = InfoPanel.xib;
			sourceTree = "<group>";
		};
		639D0504284E0BC2BEF532C1 /* TreeMap.xib */ = {
			isa = PBXVariantGroup;
			children = (
				7143C6F94B85FD6658A3B816 /* de */,
				75CB3A1A6A875814175E824B /* en */,
				87801528576A9448A4DBA7AC /* es */,
				0E2E0564DB5C57D2EBA19DE2 /* fr */,
			);
			name = TreeMap.xib;
			sourceTree = "<group>";
		};
		73E95BC550CF96FB3F2F90E6 /* Credits.rtf */ = {
			isa = PBXVariantGroup;
			children = (
				F1CE9076569E5E13F13F3A38 /* de */,
				FAD0D8A3091B7A9EF672FF09 /* en */,
				42C6A097EDC8912AC19B5F08 /* es */,
				4620111FE4A55A3CCC00DED8 /* fr */,
			);
			name = Credits.rtf;
			sourceTree = "<group>";
		};
		787816960D9E8B1C4F8CE23C /* VolumesPanel.xib */ = {
			isa = PBXVariantGroup;
			children = (
				ED84F3FF6C093269FD656C30 /* de */,
				8FEB4966A330ED5FD3EABE57 /* en */,
				B6D5D6261B91E600C2F3807F /* es */,
				8C9C0795E73C03E2084E8D86 /* fr */,
			);
			name = VolumesPanel.xib;
			sourceTree = "<group>";
		};
		872D6C6834D88A3458F8D072 /* LoadingPanel.xib */ = {
			isa = PBXVariantGroup;
			children = (
				A124B1B82C9CC94291135294 /* de */,
				E8E06E39683DEF2D4C0C7D62 /* en */,
				135E3B3472E166B45AEC653E /* es */,
				13783A78DDCF0D5D3FAD3218 /* fr */,
			);
			name = LoadingPanel.xib;
			sourceTree = "<group>";
		};
		963C731E4D9418B1535A4052 /* TreeMapPreferencesPage.xib */ = {
			isa = PBXVariantGroup;
			children = (
				E413C0F8729DEA0970B0E973 /* de */,
				98E051BFE04E811987801183 /* en */,
				900EAD19803C0D56076D741D /* es */,
				5D221962B63A06C295CA903A /* fr */,
			);
			name = TreeMapPreferencesPage.xib;
			sourceTree = "<group>";
		};
		9D33735FFEE3855BC8DCE4C8 /* GeneralPreferencesPage.xib */ = {
			isa = PBXVariantGroup;
			children = (
				CFE6111133A691E6644148F9 /* de */,
				4E6C302938D0B2CD9076880B /* en */,
				1EBC9B816F802FFA05DB4128 /* es */,
				06205F726B0E5463603112DA /* fr */,
			);
			name = GeneralPreferencesPage.xib;
			sourceTree = "<group>";
		};
		BFEF25C54DBDDB75CE3373FD /* Localizable.strings */ = {
			isa = PBXVariantGroup;
			children = (
				1DA4218583AE81935A754296 /* de */,
				7E6977CE55D162D4EA22D9DF /* en */,
				0E9D903834E797B03E1855A2 /* es */,
				05D0824DA969FEA58707AA55 /* fr */,
			);
			name = Localizable.strings;
			sourceTree = "<group>";
		};
		C75BB0F8DBEFD95B88625057 /* Help */ = {
			isa = PBXVariantGroup;
			children = (
				4AB608FACDA8746F21B68CE7 /* de */,
				7B5C8C6988B484D476E7C969 /* en */,
				8DB27781960B0AC5CF66BA03 /* es */,
				AACB08D77F697A6386B73712 /* fr */,
			);
			name = Help;
			sourceTree = "<group>";
		};
		C79F5E083C04A7E7327CF96B /* InfoPlist.strings */ = {
			isa = PBXVariantGroup;
			children = (
				BB3256A06CC80D9CCA35C989 /* de */,
				3B6B946DF982783D41E77E86 /* en */,
				2C6EF8B3C90E48908A387549 /* es */,
				BE3501F6C3B7CCD30A8DE111 /* fr */,
			);
			name = InfoPlist.strings;
			sourceTree = "<group>";
		};
/* End PBXVariantGroup section */

/* Begin XCBuildConfiguration section */
		328C684F1CABCEE287C540A8 /* Release */ = {
			isa = XCBuildConfiguration;
			baseConfigurationReference = 186B438EB4D30A016A7D6812 /* Signing.xcconfig */;
			buildSettings = {
				ASSETCATALOG_COMPILER_APPICON_NAME = AppIcon;
				CODE_SIGN_ENTITLEMENTS = "DiskInventoryX/Disk Inventory X.entitlements";
				COMBINE_HIDPI_IMAGES = YES;
				HEADER_SEARCH_PATHS = (
					"$(SRCROOT)/DiskInventoryX",
					"$(SRCROOT)/DiskInventoryX/CocoaTech-Depreciated",
					"$(SRCROOT)/DiskInventoryX/Foundation Extensions",
					"$(SRCROOT)/TreeMapView",
				);
				INFOPLIST_FILE = DiskInventoryX/Info.plist;
				LD_RUNPATH_SEARCH_PATHS = (
					"$(inherited)",
					"@executable_path/../Frameworks",
				);
				PRODUCT_BUNDLE_IDENTIFIER = io.github.jerryrt.DiskInventoryX;
				PRODUCT_NAME = "Disk Inventory X";
				SDKROOT = macosx;
			};
			name = Release;
		};
		78E8E071E10073962DCC3E08 /* Release */ = {
			isa = XCBuildConfiguration;
			buildSettings = {
				ALWAYS_SEARCH_USER_PATHS = NO;
				ARCHS = arm64;
				CLANG_ANALYZER_NONNULL = YES;
				CLANG_ANALYZER_NUMBER_OBJECT_CONVERSION = YES_AGGRESSIVE;
				CLANG_CXX_LANGUAGE_STANDARD = "gnu++14";
				CLANG_CXX_LIBRARY = "libc++";
				CLANG_ENABLE_MODULES = YES;
				CLANG_ENABLE_OBJC_ARC = NO;
				CLANG_ENABLE_OBJC_WEAK = YES;
				CLANG_WARN_BLOCK_CAPTURE_AUTORELEASING = YES;
				CLANG_WARN_BOOL_CONVERSION = YES;
				CLANG_WARN_COMMA = YES;
				CLANG_WARN_CONSTANT_CONVERSION = YES;
				CLANG_WARN_DEPRECATED_OBJC_IMPLEMENTATIONS = YES;
				CLANG_WARN_DIRECT_OBJC_ISA_USAGE = YES_ERROR;
				CLANG_WARN_DOCUMENTATION_COMMENTS = YES;
				CLANG_WARN_EMPTY_BODY = YES;
				CLANG_WARN_ENUM_CONVERSION = YES;
				CLANG_WARN_INFINITE_RECURSION = YES;
				CLANG_WARN_INT_CONVERSION = YES;
				CLANG_WARN_NON_LITERAL_NULL_CONVERSION = YES;
				CLANG_WARN_OBJC_IMPLICIT_RETAIN_SELF = YES;
				CLANG_WARN_OBJC_LITERAL_CONVERSION = YES;
				CLANG_WARN_OBJC_ROOT_CLASS = YES_ERROR;
				CLANG_WARN_QUOTED_INCLUDE_IN_FRAMEWORK_HEADER = YES;
				CLANG_WARN_RANGE_LOOP_ANALYSIS = YES;
				CLANG_WARN_STRICT_PROTOTYPES = YES;
				CLANG_WARN_SUSPICIOUS_MOVE = YES;
				CLANG_WARN_UNGUARDED_AVAILABILITY = YES_AGGRESSIVE;
				CLANG_WARN_UNREACHABLE_CODE = YES;
				CLANG_WARN__DUPLICATE_METHOD_MATCH = YES;
				COPY_PHASE_STRIP = NO;
				CURRENT_PROJECT_VERSION = 1;
				DEAD_CODE_STRIPPING = YES;
				DEBUG_INFORMATION_FORMAT = "dwarf-with-dsym";
				ENABLE_HARDENED_RUNTIME = YES;
				ENABLE_NS_ASSERTIONS = NO;
				ENABLE_STRICT_OBJC_MSGSEND = YES;
				ENABLE_USER_SCRIPT_SANDBOXING = NO;
				GCC_C_LANGUAGE_STANDARD = gnu11;
				GCC_NO_COMMON_BLOCKS = YES;
				GCC_PRECOMPILE_PREFIX_HEADER = YES;
				GCC_PREFIX_HEADER = "DiskInventoryX/Disk Inventory X_Prefix.pch";
				GCC_WARN_64_TO_32_BIT_CONVERSION = YES;
				GCC_WARN_ABOUT_RETURN_TYPE = YES_ERROR;
				GCC_WARN_UNDECLARED_SELECTOR = YES;
				GCC_WARN_UNINITIALIZED_AUTOS = YES_AGGRESSIVE;
				GCC_WARN_UNUSED_FUNCTION = YES;
				GCC_WARN_UNUSED_VARIABLE = YES;
				MACOSX_DEPLOYMENT_TARGET = 15.0;
				MARKETING_VERSION = 1.4;
				MTL_ENABLE_DEBUG_INFO = NO;
				MTL_FAST_MATH = YES;
				PRODUCT_NAME = "$(TARGET_NAME)";
				SDKROOT = macosx;
				SWIFT_COMPILATION_MODE = wholemodule;
				SWIFT_OPTIMIZATION_LEVEL = "-O";
				SWIFT_VERSION = 5.0;
			};
			name = Release;
		};
		95006E045049FFEBFE5C5E4A /* Debug */ = {
			isa = XCBuildConfiguration;
			baseConfigurationReference = 186B438EB4D30A016A7D6812 /* Signing.xcconfig */;
			buildSettings = {
				ASSETCATALOG_COMPILER_APPICON_NAME = AppIcon;
				CODE_SIGN_ENTITLEMENTS = "DiskInventoryX/Disk Inventory X.entitlements";
				COMBINE_HIDPI_IMAGES = YES;
				HEADER_SEARCH_PATHS = (
					"$(SRCROOT)/DiskInventoryX",
					"$(SRCROOT)/DiskInventoryX/CocoaTech-Depreciated",
					"$(SRCROOT)/DiskInventoryX/Foundation Extensions",
					"$(SRCROOT)/TreeMapView",
				);
				INFOPLIST_FILE = DiskInventoryX/Info.plist;
				LD_RUNPATH_SEARCH_PATHS = (
					"$(inherited)",
					"@executable_path/../Frameworks",
				);
				PRODUCT_BUNDLE_IDENTIFIER = io.github.jerryrt.DiskInventoryX;
				PRODUCT_NAME = "Disk Inventory X";
				SDKROOT = macosx;
			};
			name = Debug;
		};
		C17D3C8E2B59E5BC3A6706E5 /* Debug */ = {
			isa = XCBuildConfiguration;
			buildSettings = {
				ALWAYS_SEARCH_USER_PATHS = NO;
				ARCHS = arm64;
				CLANG_ANALYZER_NONNULL = YES;
				CLANG_ANALYZER_NUMBER_OBJECT_CONVERSION = YES_AGGRESSIVE;
				CLANG_CXX_LANGUAGE_STANDARD = "gnu++14";
				CLANG_CXX_LIBRARY = "libc++";
				CLANG_ENABLE_MODULES = YES;
				CLANG_ENABLE_OBJC_ARC = NO;
				CLANG_ENABLE_OBJC_WEAK = YES;
				CLANG_WARN_BLOCK_CAPTURE_AUTORELEASING = YES;
				CLANG_WARN_BOOL_CONVERSION = YES;
				CLANG_WARN_COMMA = YES;
				CLANG_WARN_CONSTANT_CONVERSION = YES;
				CLANG_WARN_DEPRECATED_OBJC_IMPLEMENTATIONS = YES;
				CLANG_WARN_DIRECT_OBJC_ISA_USAGE = YES_ERROR;
				CLANG_WARN_DOCUMENTATION_COMMENTS = YES;
				CLANG_WARN_EMPTY_BODY = YES;
				CLANG_WARN_ENUM_CONVERSION = YES;
				CLANG_WARN_INFINITE_RECURSION = YES;
				CLANG_WARN_INT_CONVERSION = YES;
				CLANG_WARN_NON_LITERAL_NULL_CONVERSION = YES;
				CLANG_WARN_OBJC_IMPLICIT_RETAIN_SELF = YES;
				CLANG_WARN_OBJC_LITERAL_CONVERSION = YES;
				CLANG_WARN_OBJC_ROOT_CLASS = YES_ERROR;
				CLANG_WARN_QUOTED_INCLUDE_IN_FRAMEWORK_HEADER = YES;
				CLANG_WARN_RANGE_LOOP_ANALYSIS = YES;
				CLANG_WARN_STRICT_PROTOTYPES = YES;
				CLANG_WARN_SUSPICIOUS_MOVE = YES;
				CLANG_WARN_UNGUARDED_AVAILABILITY = YES_AGGRESSIVE;
				CLANG_WARN_UNREACHABLE_CODE = YES;
				CLANG_WARN__DUPLICATE_METHOD_MATCH = YES;
				COPY_PHASE_STRIP = NO;
				CURRENT_PROJECT_VERSION = 1;
				DEAD_CODE_STRIPPING = YES;
				DEBUG_INFORMATION_FORMAT = dwarf;
				ENABLE_HARDENED_RUNTIME = YES;
				ENABLE_STRICT_OBJC_MSGSEND = YES;
				ENABLE_TESTABILITY = YES;
				ENABLE_USER_SCRIPT_SANDBOXING = NO;
				GCC_C_LANGUAGE_STANDARD = gnu11;
				GCC_DYNAMIC_NO_PIC = NO;
				GCC_NO_COMMON_BLOCKS = YES;
				GCC_OPTIMIZATION_LEVEL = 0;
				GCC_PRECOMPILE_PREFIX_HEADER = YES;
				GCC_PREFIX_HEADER = "DiskInventoryX/Disk Inventory X_Prefix.pch";
				GCC_PREPROCESSOR_DEFINITIONS = (
					"DEBUG=1",
					"$(inherited)",
				);
				GCC_WARN_64_TO_32_BIT_CONVERSION = YES;
				GCC_WARN_ABOUT_RETURN_TYPE = YES_ERROR;
				GCC_WARN_UNDECLARED_SELECTOR = YES;
				GCC_WARN_UNINITIALIZED_AUTOS = YES_AGGRESSIVE;
				GCC_WARN_UNUSED_FUNCTION = YES;
				GCC_WARN_UNUSED_VARIABLE = YES;
				MACOSX_DEPLOYMENT_TARGET = 15.0;
				MARKETING_VERSION = 1.4;
				MTL_ENABLE_DEBUG_INFO = INCLUDE_SOURCE;
				MTL_FAST_MATH = YES;
				ONLY_ACTIVE_ARCH = YES;
				PRODUCT_NAME = "$(TARGET_NAME)";
				SDKROOT = macosx;
				SWIFT_ACTIVE_COMPILATION_CONDITIONS = DEBUG;
				SWIFT_OPTIMIZATION_LEVEL = "-Onone";
				SWIFT_VERSION = 5.0;
			};
			name = Debug;
		};
/* End XCBuildConfiguration section */

/* Begin XCConfigurationList section */
		A4D24B3D34A6A72BFA218D77 /* Build configuration list for PBXNativeTarget "Disk Inventory X" */ = {
			isa = XCConfigurationList;
			buildConfigurations = (
				95006E045049FFEBFE5C5E4A /* Debug */,
				328C684F1CABCEE287C540A8 /* Release */,
			);
			defaultConfigurationIsVisible = 0;
			defaultConfigurationName = Debug;
		};
		D01ED15206A74014386A56C9 /* Build configuration list for PBXProject "Disk Inventory X" */ = {
			isa = XCConfigurationList;
			buildConfigurations = (
				C17D3C8E2B59E5BC3A6706E5 /* Debug */,
				78E8E071E10073962DCC3E08 /* Release */,
			);
			defaultConfigurationIsVisible = 0;
			defaultConfigurationName = Debug;
		};
/* End XCConfigurationList section */
	};
	rootObject = EEA3718B3D26CC1A25E0FE46 /* Project object */;
}
