// !$*UTF8*$!
{
	archiveVersion = 1;
	classes = {
	};
	objectVersion = 77;
	objects = {

/* Begin PBXBuildFile section */
		004E5B86D204BCC057132668 /* PrefsPanelController.m in Sources */ = {isa = PBXBuildFile; fileRef = "TEMP_F35AD65A-5309-4AB6-809F-B53C37C2C873" /* PrefsPanelController.m */; };
		037AB166DC36789E9FF27EF5 /* FSItemIndex.m in Sources */ = {isa = PBXBuildFile; fileRef = "TEMP_9BE17529-DD1C-4B04-92FD-56AF316B893D" /* FSItemIndex.m */; };
		06DCAD004B2EE0EA481B5293 /* VolumesPanel.xib in Resources */ = {isa = PBXBuildFile; fileRef = "TEMP_C67416F8-ACDA-44C4-BE95-8BAF9B14D433" /* VolumesPanel.xib */; };
		0B9E76470BF384926C5E0DB8 /* NTTitledInfoView.m in Sources */ = {isa = PBXBuildFile; fileRef = 7A4377EC2A5C0A626110C6BB /* NTTitledInfoView.m */; };
		0BAC88E74BC55393C3C7F1A0 /* LoadingPanelController.m in Sources */ = {isa = PBXBuildFile; fileRef = "TEMP_2CFA6E73-6569-4D28-9F7A-A68D7C9569AF" /* LoadingPanelController.m */; };
		0DA1383CBF9F9698EBF22D83 /* TreeMap.xib in Resources */ = {isa = PBXBuildFile; fileRef = "TEMP_1E567C82-58C9-4222-BFCF-9AC24EE38BB8" /* TreeMap.xib */; };
		12CEE2333C89E243C3C94A0A /* AppsForItem.m in Sources */ = {isa = PBXBuildFile; fileRef = "TEMP_4C4591DA-B416-47FA-923D-F63FA3C067D1" /* AppsForItem.m */; };
		1337A336C4A8B344F2ED34DB /* NTInfoView.m in Sources */ = {isa = PBXBuildFile; fileRef = 4108E2C3F3A7C77B93973585 /* NTInfoView.m */; };
		15E10975082CB3DAA242724F /* NTFilePasteboardSource.m in Sources */ = {isa = PBXBuildFile; fileRef = E5249BBA00CB50551A3E0A76 /* NTFilePasteboardSource.m */; };
		1F105DDD226411066A4BF22E /* GeneralPreferences.tiff in Resources */ = {isa = PBXBuildFile; fileRef = "TEMP_2A0675CC-FAB3-4429-B274-0C4F4684997C" /* GeneralPreferences.tiff */; };
		1F5BBADC602E7FC2F6566C2E /* ShowPackageContentsClosed.png in Resources */ = {isa = PBXBuildFile; fileRef = "TEMP_B4D40D9F-6CA6-44D6-B1ED-12E9FDF3EC1E" /* ShowPackageContentsClosed.png */; };
		21F2B9DFA2EEDE15EF29203C /* NSFileManager-Extensions.m in Sources */ = {isa = PBXBuildFile; fileRef = F2D890B3BDBE8F0489E1F6E7 /* NSFileManager-Extensions.m */; };
		22A4493D8C23E2DA4B6424B3 /* FileSizeTransformer.m in Sources */ = {isa = PBXBuildFile; fileRef = "TEMP_2D0D18B5-9AEC-48D7-AE51-90694DEC7747" /* FileSizeTransformer.m */; };
		29E26FD67DC9BE60AA7683B2 /* Inspector.tiff in Resources */ = {isa = PBXBuildFile; fileRef = "TEMP_CB9F6F62-BBB7-4FBE-A09F-7F13894BAA49" /* Inspector.tiff */; };
		346E6DF3454A2E4369E4FDDC /* Preferences.tiff in Resources */ = {isa = PBXBuildFile; fileRef = "TEMP_9743B208-881D-429B-A580-935E4D13CE74" /* Preferences.tiff */; };
		350DA1A673061546ADDEE2E0 /* Preferences.m in Sources */ = {isa = PBXBuildFile; fileRef = "TEMP_0E79C8EA-69F2-4004-8322-7F96A6FD45EF" /* Preferences.m */; };
		3913626ABEA06FDF336F4919 /* AppController.m in Sources */ = {isa = PBXBuildFile; fileRef = "TEMP_04F75721-AB78-4AAC-8CD3-7840B89285F3" /* AppController.m */; };
		3B8F138877960C9B4E475883 /* DrivesPanelController.m in Sources */ = {isa = PBXBuildFile; fileRef = "TEMP_7291BEC4-BF3A-48B9-88ED-3B3C66D8AA8A" /* DrivesPanelController.m */; };
		3C6AD07896169886C77FE4FB /* TreeMapView.m in Sources */ = {isa = PBXBuildFile; fileRef = 49FC86D2B525DD2DE78A0057 /* TreeMapView.m */; };
		3F2A4CB64001A7D03B7FFF9A /* PrefsPageBase.m in Sources */ = {isa = PBXBuildFile; fileRef = "TEMP_BF5B59D0-92DD-4041-BC19-24AF2A775270" /* PrefsPageBase.m */; };
		4867E51AD2C05641D7FE3699 /* GeneralPrefPage.m in Sources */ = {isa = PBXBuildFile; fileRef = "TEMP_DA92D036-F101-4FE8-9245-8BBC6A57D718" /* GeneralPrefPage.m */; };
		4AC4FCBB7B4D1A7C4D0E7A81 /* InfoPanel.xib in Resources */ = {isa = PBXBuildFile; fileRef = "TEMP_08F4B0FD-5711-4706-A1C2-DCC30AE0B871" /* InfoPanel.xib */; };
		53C21485D7D217333E902F95 /* ZoomOut.tiff in Resources */ = {isa = PBXBuildFile; fileRef = "TEMP_C1AE5245-E75C-4BDC-9BC2-E5F21F3D4F9E" /* ZoomOut.tiff */; };
		56B97DFB0674D80DBD427EE0 /* RevealInFinder.png in Resources */ = {isa = PBXBuildFile; fileRef = "TEMP_61805509-4B3C-47E5-8091-76551C8BF8D0" /* RevealInFinder.png */; };
		58339A42D11D327F9940832F /* FileSizeFormatter.m in Sources */ = {isa = PBXBuildFile; fileRef = "TEMP_F080401B-AB03-4FA1-B957-40A063D9526D" /* FileSizeFormatter.m */; };
		5AEE33D9B7BDFC8C9B8A49F8 /* FSItem.m in Sources */ = {isa = PBXBuildFile; fileRef = "TEMP_AC6F54D8-CF98-471B-BDB8-32D1695A151D" /* FSItem.m */; };
		5ED13CD4D495187B572D1482 /* SelectionListTableController.m in Sources */ = {isa = PBXBuildFile; fileRef = "TEMP_4A0FA156-0950-4C05-9E08-E9DBB5B7764B" /* SelectionListTableController.m */; };
		673BDD154DCB5AF6C746F252 /* ImageAndTextCell.m in Sources */ = {isa = PBXBuildFile; fileRef = "TEMP_2B927688-5F06-4C99-841F-E47159C42BB5" /* ImageAndTextCell.m */; };
		67674258AB4C34C2A43B2F15 /* LoadingPanel.xib in Resources */ = {isa = PBXBuildFile; fileRef = "TEMP_04748FEA-D930-4632-BCE6-A0AEBE5B9430" /* LoadingPanel.xib */; };
		6B42D9CAC5D0784F2CF9E559 /* FileSystemDoc.m in Sources */ = {isa = PBXBuildFile; fileRef = "TEMP_9F97F2DF-0369-4BD0-A9C2-33CEEEF6330E" /* FileSystemDoc.m */; };
		6DD46BCAB2321CAA1C5761E9 /* MoveToTrash.png in Resources */ = {isa = PBXBuildFile; fileRef = "TEMP_A0BA148E-81A3-4659-91CE-404675BA8257" /* MoveToTrash.png */; };
		7460A08B0084250A27FD7BCD /* GenericArrayController.m in Sources */ = {isa = PBXBuildFile; fileRef = "TEMP_E7E267E5-BAD1-44B5-BDCB-4B85C8C2B75D" /* GenericArrayController.m */; };
		7715A889AB16A678B7F0EEE2 /* VolumeUsageTransformer.m in Sources */ = {isa = PBXBuildFile; fileRef = "TEMP_378B69D9-FEDE-4A6C-9534-601AB6BFCDEC" /* VolumeUsageTransformer.m */; };
		7947D7C955A991FEA140E49E /* FSItem-Utilities.m in Sources */ = {isa = PBXBuildFile; fileRef = "TEMP_A9C0E188-27F0-4EE7-8D60-37897A93FF92" /* FSItem-Utilities.m */; };
		7ED75A71EA77F29E238CFE63 /* Timing.c in Sources */ = {isa = PBXBuildFile; fileRef = "TEMP_3F6CD89B-F9DE-4AAF-BDD8-BABD92EC681E" /* Timing.c */; };
		7F8EB5249DF077B7907E13E9 /* MainWindowController.m in Sources */ = {isa = PBXBuildFile; fileRef = "TEMP_62FF3859-FD9E-4C8A-BCC4-FC844D214055" /* MainWindowController.m */; };
		812C575D6EC844ACD03A9602 /* GeneralPreferencesPage.xib in Resources */ = {isa = PBXBuildFile; fileRef = "TEMP_9DDA51A2-283F-4D63-AE89-6CB99CC4F2CA" /* GeneralPreferencesPage.xib */; };
		891CD86A644339D8EEEDC188 /* ZoomInfo.m in Sources */ = {isa = PBXBuildFile; fileRef = 0FE1E7B07E52794858E8C165 /* ZoomInfo.m */; };
		8A31B8681683F9CEF52DBAA9 /* MainWindowToolbar.toolbar in Resources */ = {isa = PBXBuildFile; fileRef = 61794FEF992727B4F801E368 /* MainWindowToolbar.toolbar */; };
		8CD24D4D19E29F73520178D8 /* DIXFileInfoView.m in Sources */ = {isa = PBXBuildFile; fileRef = "TEMP_A04E04CB-AD6B-43A6-AFDC-A9A0312DE2B1" /* DIXFileInfoView.m */; };
		9358F8E9F8A4DA23C1634AB8 /* SelectionListController.m in Sources */ = {isa = PBXBuildFile; fileRef = "TEMP_33A29DCF-106F-4951-AD50-0754D5957B8F" /* SelectionListController.m */; };
		951F9BA94D270865A3F0D18C /* TreeMapPreferences.tiff in Resources */ = {isa = PBXBuildFile; fileRef = "TEMP_18123757-B126-4DD4-AF50-BB578DED8406" /* TreeMapPreferences.tiff */; };
		993EB42329537E6C80B1127F /* TMVCushionRenderer.m in Sources */ = {isa = PBXBuildFile; fileRef = 4A671861EDEF3E75A5CF7181 /* TMVCushionRenderer.m */; };
		9CB97095F9DD4CF3A21136AA /* FilesOutlineViewController.m in Sources */ = {isa = PBXBuildFile; fileRef = "TEMP_DED0D638-F342-400A-B841-61EC5B456AE0" /* FilesOutlineViewController.m */; };
		9CE356C02782B1971B5A9A29 /* DonationPanel.xib in Resources */ = {isa = PBXBuildFile; fileRef = "TEMP_0FBEB3D5-0DFF-4439-ACF6-B01F10AF40D2" /* DonationPanel.xib */; };
		9DD8128331493674A644D636 /* Preferences.strings in Resources */ = {isa = PBXBuildFile; fileRef = "TEMP_2397BABA-6B9C-46BA-80E2-5A4DAF49C0E1" /* Preferences.strings */; };
		A2680CCF07CB949DA880047D /* RefreshSelection.png in Resources */ = {isa = PBXBuildFile; fileRef = "TEMP_0B643D32-487B-4CA0-9612-DF2345A272C4" /* RefreshSelection.png */; };
		A4C0CB0BE8AC7CBB61B8C380 /* TreeMapViewController.m in Sources */ = {isa = PBXBuildFile; fileRef = "TEMP_35D46F50-F02C-474F-9929-FF6B2C9C4CC9" /* TreeMapViewController.m */; };
		A58101A3D5DBECEF0C964234 /* FileKindsTableController.m in Sources */ = {isa = PBXBuildFile; fileRef = "TEMP_D0360227-71E1-41B5-A058-5835620170EE" /* FileKindsTableController.m */; };
		A5E45E77C3510659448929D7 /* main.m in Sources */ = {isa = PBXBuildFile; fileRef = "TEMP_AE31B79F-1B89-4F7C-AA6A-3634848FE0C8" /* main.m */; };
		A77BD9F89E7C72E2CE414B21 /* Credits.rtf in Resources */ = {isa = PBXBuildFile; fileRef = "TEMP_60DDAE1D-FDD6-45C4-89FE-8ED0E342EB90" /* Credits.rtf */; };
		B45170ED803EA1360A5AF7CC /* TMVItem.m in Sources */ = {isa = PBXBuildFile; fileRef = 4825AACE3502DDC9B37ADC83 /* TMVItem.m */; };
		B6F8AAE9B8B29CF5045D6DD3 /* MainWindow.m in Sources */ = {isa = PBXBuildFile; fileRef = "TEMP_EDB99EB7-14B9-41F7-BBFC-C91F7544D1BD" /* MainWindow.m */; };
		BB5816AECFF4E6C0412D4E8F /* TreeMapPrefPage.m in Sources */ = {isa = PBXBuildFile; fileRef = "TEMP_65352D58-1D6F-4B57-8EC9-D1091BD19E74" /* TreeMapPrefPage.m */; };
		BBCBBDF78CFFBBE0E974DCFF /* TreeMapPreferencesPage.xib in Resources */ = {isa = PBXBuildFile; fileRef = "TEMP_5E978DCA-06A4-4EC4-8D8A-B22C9FAE181B" /* TreeMapPreferencesPage.xib */; };
		BC0D392066A06893F8043BE2 /* ShowPackageContentsOpen.png in Resources */ = {isa = PBXBuildFile; fileRef = "TEMP_2C9D4236-FACB-47BC-941B-C2E9140FAD83" /* ShowPackageContentsOpen.png */; };
		BCDFDD8EF20E82563FAF991D /* MyDocumentController.m in Sources */ = {isa = PBXBuildFile; fileRef = "TEMP_3DBD319A-26EF-46B0-BFE6-46104C632383" /* MyDocumentController.m */; };
		BE8DE7F720D7D65688B42C45 /* FileKindsPopupController.m in Sources */ = {isa = PBXBuildFile; fileRef = "TEMP_4E7234B5-F81D-4120-AB26-AAEE92FE5B23" /* FileKindsPopupController.m */; };
		BF060074AC5F3F31F9FF3678 /* VolumeNameTransformer.m in Sources */ = {isa = PBXBuildFile; fileRef = "TEMP_3999729A-5CA4-40BF-BFEF-B4F538E01F97" /* VolumeNameTransformer.m */; };
		C08C135156ED848C5266C9B2 /* ZoomIn.tiff in Resources */ = {isa = PBXBuildFile; fileRef = "TEMP_3F65F76C-3770-4F49-AA22-780E609FAD49" /* ZoomIn.tiff */; };
		C2DC6C68253D5CE9A997A37E /* NSURL-Extensions.m in Sources */ = {isa = PBXBuildFile; fileRef = "TEMP_918A8711-1D68-4BB3-AAD7-DADC42597DE1" /* NSURL-Extensions.m */; };
		C3790BED5B931DF4B81BB084 /* Localizable.strings in Resources */ = {isa = PBXBuildFile; fileRef = "TEMP_598E94DC-0D60-49C1-AC63-EFAB139B36D1" /* Localizable.strings */; };
		CC77E24C8C9E59AC80557534 /* OAToolbarWindowControllerEx.m in Sources */ = {isa = PBXBuildFile; fileRef = "TEMP_93DC4022-FC11-4C40-84BB-5410F400F058" /* OAToolbarWindowControllerEx.m */; };
		D3BCDCFCA5D829DB3B4DAB4B /* FileTypeColors.m in Sources */ = {isa = PBXBuildFile; fileRef = "TEMP_FC04FF67-85DF-4181-AAD5-B39928727107" /* FileTypeColors.m */; };
		D51EF19EDC5808B7A26D711A /* Help in Resources */ = {isa = PBXBuildFile; fileRef = "TEMP_8E955EFA-E204-47B7-82B3-149CACF49441" /* Help */; };
		DDFDFCC683F4CFAE55C98F1D /* DIXOutlineView.m in Sources */ = {isa = PBXBuildFile; fileRef = "TEMP_93C2395C-4D91-4C61-A4C1-1F93EEC15C9F" /* DIXOutlineView.m */; };
		E0A7400BC92ACC214B336C59 /* NSView-BackingCoordsHelpers.m in Sources */ = {isa = PBXBuildFile; fileRef = A6E05C14DDDCA495A92E952E /* NSView-BackingCoordsHelpers.m */; };
		E45D2786F3ED566FBFFC5F0D /* Images.xcassets in Resources */ = {isa = PBXBuildFile; fileRef = 1D9CA8F5F013636A739D7D1C /* Images.xcassets */; };
		E66B4AD384F0B24A44981BE6 /* DIXTableView.m in Sources */ = {isa = PBXBuildFile; fileRef = "TEMP_8577C202-5C67-4BA6-8110-8B8F01B80834" /* DIXTableView.m */; };
		EB89AEE4A3DE9E35ACF58346 /* NSBitmapImageRep-CreationExtensions.m in Sources */ = {isa = PBXBuildFile; fileRef = 9A14A2E39C7615F4E936BD04 /* NSBitmapImageRep-CreationExtensions.m */; };
		EC9A267932C5F160CB147BDF /* MainMenu.xib in Resources */ = {isa = PBXBuildFile; fileRef = "TEMP_9C2682BF-7A07-4D35-89F6-38398540FC62" /* MainMenu.xib */; };
		EDF24E7FD50ADFF7C0075883 /* InfoPlist.strings in Resources */ = {isa = PBXBuildFile; fileRef = "TEMP_21E5B6D0-3C0F-4539-9B12-EF119AEBE701" /* InfoPlist.strings */; };
		F23015254875257277D267CE /* InfoPanelController.m in Sources */ = {isa = PBXBuildFile; fileRef = "TEMP_53259DF8-B08A-494C-81D6-5F1471E126B5" /* InfoPanelController.m */; };
		F468C14134681E976DE58644 /* KindsStatisticDrawer.tiff in Resources */ = {isa = PBXBuildFile; fileRef = "TEMP_ABB0DE2E-8FEA-4AB3-A990-5F42AF61D8FD" /* KindsStatisticDrawer.tiff */; };
		FD5AD6797FA8577BE9FB2B2A /* RefreshAll.png in Resources */ = {isa = PBXBuildFile; fileRef = "TEMP_77E3B8A7-1C5D-4E5E-BD55-583BA5DDA59D" /* RefreshAll.png */; };
		FEF5FA58FE380B0CF5C4EF8C /* NTTitledInfoPair.m in Sources */ = {isa = PBXBuildFile; fileRef = FB20CFB2A04F31F8B598361C /* NTTitledInfoPair.m */; };
/* End PBXBuildFile section */

/* Begin PBXFileReference section */
		049D2743F3C741E48A82B626 /* NTTitledInfoPair.h */ = {isa = PBXFileReference; lastKnownFileType = sourcecode.c.h; path = NTTitledInfoPair.h; sourceTree = "<group>"; };
		0FE1E7B07E52794858E8C165 /* ZoomInfo.m */ = {isa = PBXFileReference; lastKnownFileType = sourcecode.c.objc; path = ZoomInfo.m; sourceTree = "<group>"; };
		1607A7C78740A39BD630CDE4 /* NSView-BackingCoordsHelpers.h */ = {isa = PBXFileReference; lastKnownFileType = sourcecode.c.h; path = "NSView-BackingCoordsHelpers.h"; sourceTree = "<group>"; };
		1A6A8DBA4A8CD6E4A0A5D358 /* NTInfoView.h */ = {isa = PBXFileReference; lastKnownFileType = sourcecode.c.h; path = NTInfoView.h; sourceTree = "<group>"; };
		1D9CA8F5F013636A739D7D1C /* Images.xcassets */ = {isa = PBXFileReference; lastKnownFileType = folder.assetcatalog; path = Images.xcassets; sourceTree = "<group>"; };
		276FFFED11D5D153DEC3EC20 /* NSBitmapImageRep-CreationExtensions.h */ = {isa = PBXFileReference; lastKnownFileType = sourcecode.c.h; path = "NSBitmapImageRep-CreationExtensions.h"; sourceTree = "<group>"; };
		350DECE310083D00E779AB9B /* NTFilePasteboardSource.h */ = {isa = PBXFileReference; lastKnownFileType = sourcecode.c.h; path = NTFilePasteboardSource.h; sourceTree = "<group>"; };
		39040A1DD74887498B72B54E /* NTTitledInfoView.h */ = {isa = PBXFileReference; lastKnownFileType = sourcecode.c.h; path = NTTitledInfoView.h; sourceTree = "<group>"; };
		3E73DB9EA18B690C4D3B3019 /* TMVItem.h */ = {isa = PBXFileReference; lastKnownFileType = sourcecode.c.h; path = TMVItem.h; sourceTree = "<group>"; };
		4108E2C3F3A7C77B93973585 /* NTInfoView.m */ = {isa = PBXFileReference; lastKnownFileType = sourcecode.c.objc; path = NTInfoView.m; sourceTree = "<group>"; };
		4203D8F52B03912BFF8A00E1 /* ZoomInfo.h */ = {isa = PBXFileReference; lastKnownFileType = sourcecode.c.h; path = ZoomInfo.h; sourceTree = "<group>"; };
		4825AACE3502DDC9B37ADC83 /* TMVItem.m */ = {isa = PBXFileReference; lastKnownFileType = sourcecode.c.objc; path = TMVItem.m; sourceTree = "<group>"; };
		49FC86D2B525DD2DE78A0057 /* TreeMapView.m */ = {isa = PBXFileReference; lastKnownFileType = sourcecode.c.objc; path = TreeMapView.m; sourceTree = "<group>"; };
		4A671861EDEF3E75A5CF7181 /* TMVCushionRenderer.m */ = {isa = PBXFileReference; lastKnownFileType = sourcecode.c.objc; path = TMVCushionRenderer.m; sourceTree = "<group>"; };
		61794FEF992727B4F801E368 /* MainWindowToolbar.toolbar */ = {isa = PBXFileReference; path = MainWindowToolbar.toolbar; sourceTree = "<group>"; };
		7A4377EC2A5C0A626110C6BB /* NTTitledInfoView.m */ = {isa = PBXFileReference; lastKnownFileType = sourcecode.c.objc; path = NTTitledInfoView.m; sourceTree = "<group>"; };
		8D32401601A7E9A67B7B0E2A /* TreeMapView.h */ = {isa = PBXFileReference; lastKnownFileType = sourcecode.c.h; path = TreeMapView.h; sourceTree = "<group>"; };
		9A14A2E39C7615F4E936BD04 /* NSBitmapImageRep-CreationExtensions.m */ = {isa = PBXFileReference; lastKnownFileType = sourcecode.c.objc; path = "NSBitmapImageRep-CreationExtensions.m"; sourceTree = "<group>"; };
		A6E05C14DDDCA495A92E952E /* NSView-BackingCoordsHelpers.m */ = {isa = PBXFileReference; lastKnownFileType = sourcecode.c.objc; path = "NSView-BackingCoordsHelpers.m"; sourceTree = "<group>"; };
		B760C840214D458B4E3DCB2D /* NSFileManager-Extensions.h */ = {isa = PBXFileReference; lastKnownFileType = sourcecode.c.h; path = "NSFileManager-Extensions.h"; sourceTree = "<group>"; };
		B9989DFFE184C695057365F2 /* TMVCushionRenderer.h */ = {isa = PBXFileReference; lastKnownFileType = sourcecode.c.h; path = TMVCushionRenderer.h; sourceTree = "<group>"; };
		E5249BBA00CB50551A3E0A76 /* NTFilePasteboardSource.m */ = {isa = PBXFileReference; lastKnownFileType = sourcecode.c.objc; path = NTFilePasteboardSource.m; sourceTree = "<group>"; };
		EDAF862A99D0E8E600F25157 /* Disk Inventory X.app */ = {isa = PBXFileReference; explicitFileType = wrapper.application; includeInIndex = 0; path = "Disk Inventory X.app"; sourceTree = BUILT_PRODUCTS_DIR; };
		F2D890B3BDBE8F0489E1F6E7 /* NSFileManager-Extensions.m */ = {isa = PBXFileReference; lastKnownFileType = sourcecode.c.objc; path = "NSFileManager-Extensions.m"; sourceTree = "<group>"; };
		FB20CFB2A04F31F8B598361C /* NTTitledInfoPair.m */ = {isa = PBXFileReference; lastKnownFileType = sourcecode.c.objc; path = NTTitledInfoPair.m; sourceTree = "<group>"; };
		"TEMP_0393859D-9D02-4BAC-853C-2E69766BA82B" /* TreeMapPrefPage.h */ = {isa = PBXFileReference; lastKnownFileType = sourcecode.c.h; path = TreeMapPrefPage.h; sourceTree = "<group>"; };
		"TEMP_04F75721-AB78-4AAC-8CD3-7840B89285F3" /* AppController.m */ = {isa = PBXFileReference; lastKnownFileType = sourcecode.c.objc; path = AppController.m; sourceTree = "<group>"; };
		"TEMP_0553E628-25B2-44B0-A611-7473AC356D5F" /* de */ = {isa = PBXFileReference; lastKnownFileType = text.plist.strings; name = de; path = de.lproj/InfoPlist.strings; sourceTree = "<group>"; };
		"TEMP_08592BBD-AD85-4016-AF75-05A9482A544A" /* fr */ = {isa = PBXFileReference; lastKnownFileType = file.xib; name = fr; path = fr.lproj/GeneralPreferencesPage.xib; sourceTree = "<group>"; };
		"TEMP_08C6672A-3E05-4157-A7F3-5CE61177BE00" /* es */ = {isa = PBXFileReference; lastKnownFileType = file.xib; name = es; path = es.lproj/LoadingPanel.xib; sourceTree = "<group>"; };
		"TEMP_09B3F977-084E-4E3D-B0E8-965E81442D1F" /* en */ = {isa = PBXFileReference; name = en; path = en.lproj/Help; sourceTree = "<group>"; };
		"TEMP_0A1B2907-95BC-4212-93B3-BC37ECFF1ED6" /* en */ = {isa = PBXFileReference; lastKnownFileType = file.xib; name = en; path = en.lproj/DonationPanel.xib; sourceTree = "<group>"; };
		"TEMP_0B643D32-487B-4CA0-9612-DF2345A272C4" /* RefreshSelection.png */ = {isa = PBXFileReference; lastKnownFileType = image.png; path = RefreshSelection.png; sourceTree = "<group>"; };
		"TEMP_0C2BB0D1-0C75-4AE3-A64E-2EBF2F298820" /* AppsForItem.h */ = {isa = PBXFileReference; lastKnownFileType = sourcecode.c.h; path = AppsForItem.h; sourceTree = "<group>"; };
		"TEMP_0C90B86D-357F-451A-8844-84E9612E9B5F" /* PrefsPanelController.h */ = {isa = PBXFileReference; lastKnownFileType = sourcecode.c.h; path = PrefsPanelController.h; sourceTree = "<group>"; };
		"TEMP_0D11FDFD-010D-48E8-8C7E-D0E17E52C0D7" /* en */ = {isa = PBXFileReference; lastKnownFileType = file.xib; name = en; path = en.lproj/TreeMap.xib; sourceTree = "<group>"; };
		"TEMP_0E79C8EA-69F2-4004-8322-7F96A6FD45EF" /* Preferences.m */ = {isa = PBXFileReference; lastKnownFileType = sourcecode.c.objc; path = Preferences.m; sourceTree = "<group>"; };
		"TEMP_108220B2-2B47-4524-B7DA-FA88433BD1EF" /* DrivesPanelController.h */ = {isa = PBXFileReference; lastKnownFileType = sourcecode.c.h; path = DrivesPanelController.h; sourceTree = "<group>"; };
		"TEMP_10FA14E7-773F-457C-A05E-04BE9E0B23BC" /* FSItem.h */ = {isa = PBXFileReference; lastKnownFileType = sourcecode.c.h; path = FSItem.h; sourceTree = "<group>"; };
		"TEMP_11A9C354-1E83-4884-9D4B-A370B117580D" /* LoadingPanelController.h */ = {isa = PBXFileReference; lastKnownFileType = sourcecode.c.h; path = LoadingPanelController.h; sourceTree = "<group>"; };
		"TEMP_13910BB8-3B38-40D4-A64B-2DCF0F7BDB71" /* FileKindsPopupController.h */ = {isa = PBXFileReference; lastKnownFileType = sourcecode.c.h; path = FileKindsPopupController.h; sourceTree = "<group>"; };
		"TEMP_145829F6-A48E-41FC-AE74-3E7078BE8D90" /* Timing.h */ = {isa = PBXFileReference; lastKnownFileType = sourcecode.c.h; path = Timing.h; sourceTree = "<group>"; };
		"TEMP_18123757-B126-4DD4-AF50-BB578DED8406" /* TreeMapPreferences.tiff */ = {isa = PBXFileReference; lastKnownFileType = image.tiff; path = TreeMapPreferences.tiff; sourceTree = "<group>"; };
		"TEMP_1872C352-149D-4F1C-9E1A-BE7F62A0C3D7" /* GenericArrayController.h */ = {isa = PBXFileReference; lastKnownFileType = sourcecode.c.h; path = GenericArrayController.h; sourceTree = "<group>"; };
		"TEMP_1AFB1D9A-4C20-4868-87B7-08063436DAB4" /* es */ = {isa = PBXFileReference; name = es; path = es.lproj/Help; sourceTree = "<group>"; };
		"TEMP_1B6019C5-762D-4B24-A800-F73BE2EEFC14" /* en */ = {isa = PBXFileReference; lastKnownFileType = text.rtf; name = en; path = en.lproj/Credits.rtf; sourceTree = "<group>"; };
		"TEMP_1CB8F0DB-FAEA-4FEC-8720-A66B5466FA3A" /* FileSizeTransformer.h */ = {isa = PBXFileReference; lastKnownFileType = sourcecode.c.h; path = FileSizeTransformer.h; sourceTree = "<group>"; };
		"TEMP_239215A9-3FF1-45B0-A052-601BD0E2518A" /* es */ = {isa = PBXFileReference; lastKnownFileType = text.plist.strings; name = es; path = es.lproj/Preferences.strings; sourceTree = "<group>"; };
		"TEMP_23D87D49-B5C6-45A1-8F77-C9FB88AA137A" /* GeneralPrefPage.h */ = {isa = PBXFileReference; lastKnownFileType = sourcecode.c.h; path = GeneralPrefPage.h; sourceTree = "<group>"; };
		"TEMP_24689D43-09D5-462F-9FB1-14B47466FD77" /* de */ = {isa = PBXFileReference; lastKnownFileType = file.xib; name = de; path = de.lproj/TreeMapPreferencesPage.xib; sourceTree = "<group>"; };
		"TEMP_2A0675CC-FAB3-4429-B274-0C4F4684997C" /* GeneralPreferences.tiff */ = {isa = PBXFileReference; lastKnownFileType = image.tiff; path = GeneralPreferences.tiff; sourceTree = "<group>"; };
		"TEMP_2B927688-5F06-4C99-841F-E47159C42BB5" /* ImageAndTextCell.m */ = {isa = PBXFileReference; lastKnownFileType = sourcecode.c.objc; path = ImageAndTextCell.m; sourceTree = "<group>"; };
		"TEMP_2C9D4236-FACB-47BC-941B-C2E9140FAD83" /* ShowPackageContentsOpen.png */ = {isa = PBXFileReference; lastKnownFileType = image.png; path = ShowPackageContentsOpen.png; sourceTree = "<group>"; };
		"TEMP_2CFA6E73-6569-4D28-9F7A-A68D7C9569AF" /* LoadingPanelController.m */ = {isa = PBXFileReference; lastKnownFileType = sourcecode.c.objc; path = LoadingPanelController.m; sourceTree = "<group>"; };
		"TEMP_2D0D18B5-9AEC-48D7-AE51-90694DEC7747" /* FileSizeTransformer.m */ = {isa = PBXFileReference; lastKnownFileType = sourcecode.c.objc; path = FileSizeTransformer.m; sourceTree = "<group>"; };
		"TEMP_32084FE5-430C-432F-A8CF-17CB82E7F56B" /* de */ = {isa = PBXFileReference; lastKnownFileType = text.rtf; name = de; path = de.lproj/Credits.rtf; sourceTree = "<group>"; };
		"TEMP_32C8F7DE-F5A8-4217-BA4B-4B34A3648B8E" /* FileSizeFormatter.h */ = {isa = PBXFileReference; lastKnownFileType = sourcecode.c.h; path = FileSizeFormatter.h; sourceTree = "<group>"; };
		"TEMP_3320CBB8-17A9-48FA-8138-72672A2FDC9E" /* MainWindow.h */ = {isa = PBXFileReference; lastKnownFileType = sourcecode.c.h; path = MainWindow.h; sourceTree = "<group>"; };
		"TEMP_338B8F80-D578-47FC-BF75-16769523D617" /* es */ = {isa = PBXFileReference; lastKnownFileType = file.xib; name = es; path = es.lproj/VolumesPanel.xib; sourceTree = "<group>"; };
		"TEMP_33A29DCF-106F-4951-AD50-0754D5957B8F" /* SelectionListController.m */ = {isa = PBXFileReference; lastKnownFileType = sourcecode.c.objc; path = SelectionListController.m; sourceTree = "<group>"; };
		"TEMP_35D46F50-F02C-474F-9929-FF6B2C9C4CC9" /* TreeMapViewController.m */ = {isa = PBXFileReference; lastKnownFileType = sourcecode.c.objc; path = TreeMapViewController.m; sourceTree = "<group>"; };
		"TEMP_378B69D9-FEDE-4A6C-9534-601AB6BFCDEC" /* VolumeUsageTransformer.m */ = {isa = PBXFileReference; lastKnownFileType = sourcecode.c.objc; path = VolumeUsageTransformer.m; sourceTree = "<group>"; };
		"TEMP_3999729A-5CA4-40BF-BFEF-B4F538E01F97" /* VolumeNameTransformer.m */ = {isa = PBXFileReference; lastKnownFileType = sourcecode.c.objc; path = VolumeNameTransformer.m; sourceTree = "<group>"; };
		"TEMP_3DBD319A-26EF-46B0-BFE6-46104C632383" /* MyDocumentController.m */ = {isa = PBXFileReference; lastKnownFileType = sourcecode.c.objc; path = MyDocumentController.m; sourceTree = "<group>"; };
		"TEMP_3F65F76C-3770-4F49-AA22-780E609FAD49" /* ZoomIn.tiff */ = {isa = PBXFileReference; lastKnownFileType = image.tiff; path = ZoomIn.tiff; sourceTree = "<group>"; };
		"TEMP_3F6CD89B-F9DE-4AAF-BDD8-BABD92EC681E" /* Timing.c */ = {isa = PBXFileReference; lastKnownFileType = sourcecode.c.c; path = Timing.c; sourceTree = "<group>"; };
		"TEMP_3F7A7A31-C497-467A-9491-6D5FC064C196" /* es */ = {isa = PBXFileReference; lastKnownFileType = file.xib; name = es; path = es.lproj/InfoPanel.xib; sourceTree = "<group>"; };
		"TEMP_43742F58-32D7-458A-B581-68B78F29B44F" /* es */ = {isa = PBXFileReference; lastKnownFileType = file.xib; name = es; path = es.lproj/DonationPanel.xib; sourceTree = "<group>"; };
		"TEMP_44F4CBAE-9BBC-4DF4-94D0-67E46F76CFBF" /* es */ = {isa = PBXFileReference; lastKnownFileType = file.xib; name = es; path = es.lproj/MainMenu.xib; sourceTree = "<group>"; };
		"TEMP_469C562E-1C90-4B38-858F-CDCFA1F5B800" /* fr */ = {isa = PBXFileReference; lastKnownFileType = file.xib; name = fr; path = fr.lproj/TreeMap.xib; sourceTree = "<group>"; };
		"TEMP_488D3A82-D31C-4A8D-B91B-CE57473CFFE1" /* MyDocumentController.h */ = {isa = PBXFileReference; lastKnownFileType = sourcecode.c.h; path = MyDocumentController.h; sourceTree = "<group>"; };
		"TEMP_48BC5F54-9381-43C7-8A66-ECEE5A14CEB2" /* TreeMapViewController.h */ = {isa = PBXFileReference; lastKnownFileType = sourcecode.c.h; path = TreeMapViewController.h; sourceTree = "<group>"; };
		"TEMP_495F3A17-3A34-4FED-B8E2-6F32A4E6E631" /* en */ = {isa = PBXFileReference; lastKnownFileType = file.xib; name = en; path = en.lproj/VolumesPanel.xib; sourceTree = "<group>"; };
		"TEMP_4A0FA156-0950-4C05-9E08-E9DBB5B7764B" /* SelectionListTableController.m */ = {isa = PBXFileReference; lastKnownFileType = sourcecode.c.objc; path = SelectionListTableController.m; sourceTree = "<group>"; };
		"TEMP_4B48A7E7-CCCD-4E71-BE1D-ABC07BB05996" /* fr */ = {isa = PBXFileReference; lastKnownFileType = file.xib; name = fr; path = fr.lproj/DonationPanel.xib; sourceTree = "<group>"; };
		"TEMP_4C4591DA-B416-47FA-923D-F63FA3C067D1" /* AppsForItem.m */ = {isa = PBXFileReference; lastKnownFileType = sourcecode.c.objc; path = AppsForItem.m; sourceTree = "<group>"; };
		"TEMP_4E7234B5-F81D-4120-AB26-AAEE92FE5B23" /* FileKindsPopupController.m */ = {isa = PBXFileReference; lastKnownFileType = sourcecode.c.objc; path = FileKindsPopupController.m; sourceTree = "<group>"; };
		"TEMP_504CD6C4-5686-4B99-A504-D621B43CC3B0" /* de */ = {isa = PBXFileReference; name = de; path = de.lproj/Help; sourceTree = "<group>"; };
		"TEMP_53136332-CEB6-4AC1-8653-54AE99CCADE1" /* fr */ = {isa = PBXFileReference; lastKnownFileType = file.xib; name = fr; path = fr.lproj/VolumesPanel.xib; sourceTree = "<group>"; };
		"TEMP_53259DF8-B08A-494C-81D6-5F1471E126B5" /* InfoPanelController.m */ = {isa = PBXFileReference; lastKnownFileType = sourcecode.c.objc; path = InfoPanelController.m; sourceTree = "<group>"; };
		"TEMP_56ED7E62-FAD3-47F0-9B85-9DFDCD6C93A6" /* PrefsPageBase.h */ = {isa = PBXFileReference; lastKnownFileType = sourcecode.c.h; path = PrefsPageBase.h; sourceTree = "<group>"; };
		"TEMP_57BB01C6-9F40-474D-92E5-CC79BBB767CF" /* en */ = {isa = PBXFileReference; lastKnownFileType = file.xib; name = en; path = en.lproj/LoadingPanel.xib; sourceTree = "<group>"; };
		"TEMP_591DFF2E-C9E0-4FC6-BC5E-88889B74B251" /* en */ = {isa = PBXFileReference; lastKnownFileType = file.xib; name = en; path = en.lproj/GeneralPreferencesPage.xib; sourceTree = "<group>"; };
		"TEMP_5A4038F8-4803-40EA-9D67-4A5EC92EAF17" /* de */ = {isa = PBXFileReference; lastKnownFileType = file.xib; name = de; path = de.lproj/GeneralPreferencesPage.xib; sourceTree = "<group>"; };
		"TEMP_5D6AB3D5-1C8F-425D-BFBD-8F2C19C74E25" /* es */ = {isa = PBXFileReference; lastKnownFileType = text.rtf; name = es; path = es.lproj/Credits.rtf; sourceTree = "<group>"; };
		"TEMP_61805509-4B3C-47E5-8091-76551C8BF8D0" /* RevealInFinder.png */ = {isa = PBXFileReference; lastKnownFileType = image.png; path = RevealInFinder.png; sourceTree = "<group>"; };
		"TEMP_62FF3859-FD9E-4C8A-BCC4-FC844D214055" /* MainWindowController.m */ = {isa = PBXFileReference; lastKnownFileType = sourcecode.c.objc; path = MainWindowController.m; sourceTree = "<group>"; };
		"TEMP_6493E3C5-5637-44CA-B136-277AF2836304" /* fr */ = {isa = PBXFileReference; lastKnownFileType = file.xib; name = fr; path = fr.lproj/LoadingPanel.xib; sourceTree = "<group>"; };
		"TEMP_65352D58-1D6F-4B57-8EC9-D1091BD19E74" /* TreeMapPrefPage.m */ = {isa = PBXFileReference; lastKnownFileType = sourcecode.c.objc; path = TreeMapPrefPage.m; sourceTree = "<group>"; };
		"TEMP_658FFF4A-2482-4CB5-83DE-19C1EB4B0D60" /* OAToolbarWindowControllerEx.h */ = {isa = PBXFileReference; lastKnownFileType = sourcecode.c.h; path = OAToolbarWindowControllerEx.h; sourceTree = "<group>"; };
		"TEMP_66A475A3-A3C5-4D97-AD9D-625D5A3D87EC" /* FSItem-Utilities.h */ = {isa = PBXFileReference; lastKnownFileType = sourcecode.c.h; path = "FSItem-Utilities.h"; sourceTree = "<group>"; };
		"TEMP_66A8B25C-DA11-4ECB-AF03-5161CD5C48DC" /* ImageAndTextCell.h */ = {isa = PBXFileReference; lastKnownFileType = sourcecode.c.h; path = ImageAndTextCell.h; sourceTree = "<group>"; };
		"TEMP_6983A9DD-6F9E-4DD2-AC21-EE225B6FADFD" /* en */ = {isa = PBXFileReference; lastKnownFileType = text.plist.strings; name = en; path = en.lproj/InfoPlist.strings; sourceTree = "<group>"; };
		"TEMP_6B51CA75-3EF0-4A6F-A771-58323E219719" /* fr */ = {isa = PBXFileReference; lastKnownFileType = file.xib; name = fr; path = fr.lproj/TreeMapPreferencesPage.xib; sourceTree = "<group>"; };
		"TEMP_6BE51A9E-FC54-4235-97E5-CD832A9E4267" /* es */ = {isa = PBXFileReference; lastKnownFileType = text.plist.strings; name = es; path = es.lproj/InfoPlist.strings; sourceTree = "<group>"; };
		"TEMP_6C893E55-E0B2-402E-9D70-4676DEC032DD" /* fr */ = {isa = PBXFileReference; name = fr; path = fr.lproj/Help; sourceTree = "<group>"; };
		"TEMP_6F7E42B3-364B-4511-AD54-8598E3432BA1" /* de */ = {isa = PBXFileReference; lastKnownFileType = file.xib; name = de; path = de.lproj/MainMenu.xib; sourceTree = "<group>"; };
		"TEMP_7291BEC4-BF3A-48B9-88ED-3B3C66D8AA8A" /* DrivesPanelController.m */ = {isa = PBXFileReference; lastKnownFileType = sourcecode.c.objc; path = DrivesPanelController.m; sourceTree = "<group>"; };
		"TEMP_735720D7-A90D-413B-A05A-E92E3726EE3B" /* fr */ = {isa = PBXFileReference; lastKnownFileType = file.xib; name = fr; path = fr.lproj/InfoPanel.xib; sourceTree = "<group>"; };
		"TEMP_73D8BBA7-8EB6-408A-8BC7-62CC46385477" /* FSItemIndex.h */ = {isa = PBXFileReference; lastKnownFileType = sourcecode.c.h; path = FSItemIndex.h; sourceTree = "<group>"; };
		"TEMP_76C5929F-30A2-4D07-A43B-CA53729598FD" /* fr */ = {isa = PBXFileReference; lastKnownFileType = text.rtf; name = fr; path = fr.lproj/Credits.rtf; sourceTree = "<group>"; };
		"TEMP_77E3B8A7-1C5D-4E5E-BD55-583BA5DDA59D" /* RefreshAll.png */ = {isa = PBXFileReference; lastKnownFileType = image.png; path = RefreshAll.png; sourceTree = "<group>"; };
		"TEMP_7C50C7D1-6720-4B86-B746-BA88B58356EA" /* en */ = {isa = PBXFileReference; lastKnownFileType = text.plist.strings; name = en; path = en.lproj/Localizable.strings; sourceTree = "<group>"; };
		"TEMP_7D06A1C5-5487-4319-8D59-F0AD8D7A9C5B" /* fr */ = {isa = PBXFileReference; lastKnownFileType = text.plist.strings; name = fr; path = fr.lproj/Localizable.strings; sourceTree = "<group>"; };
		"TEMP_80AD8AC0-986E-4CF5-B7BD-4E7DDB544A35" /* SelectionListTableController.h */ = {isa = PBXFileReference; lastKnownFileType = sourcecode.c.h; path = SelectionListTableController.h; sourceTree = "<group>"; };
		"TEMP_81D55C75-CCAB-4162-B314-43E96D818593" /* InfoPanelController.h */ = {isa = PBXFileReference; lastKnownFileType = sourcecode.c.h; path = InfoPanelController.h; sourceTree = "<group>"; };
		"TEMP_8384975C-CF1E-427F-A643-1CB19176AF84" /* en */ = {isa = PBXFileReference; lastKnownFileType = file.xib; name = en; path = en.lproj/MainMenu.xib; sourceTree = "<group>"; };
		"TEMP_8577C202-5C67-4BA6-8110-8B8F01B80834" /* DIXTableView.m */ = {isa = PBXFileReference; lastKnownFileType = sourcecode.c.objc; path = DIXTableView.m; sourceTree = "<group>"; };
		"TEMP_88339A6C-A03F-492C-BBB8-6BFF3ADEE381" /* de */ = {isa = PBXFileReference; lastKnownFileType = file.xib; name = de; path = de.lproj/VolumesPanel.xib; sourceTree = "<group>"; };
		"TEMP_8B43F768-D22B-4227-98DB-DA513ED5D1CC" /* de */ = {isa = PBXFileReference; lastKnownFileType = text.plist.strings; name = de; path = de.lproj/Preferences.strings; sourceTree = "<group>"; };
		"TEMP_8DBFC8AC-5B96-4FF6-B5B0-94CFC7C1AA5D" /* VolumeNameTransformer.h */ = {isa = PBXFileReference; lastKnownFileType = sourcecode.c.h; path = VolumeNameTransformer.h; sourceTree = "<group>"; };
		"TEMP_918A8711-1D68-4BB3-AAD7-DADC42597DE1" /* NSURL-Extensions.m */ = {isa = PBXFileReference; lastKnownFileType = sourcecode.c.objc; path = "NSURL-Extensions.m"; sourceTree = "<group>"; };
		"TEMP_93C2395C-4D91-4C61-A4C1-1F93EEC15C9F" /* DIXOutlineView.m */ = {isa = PBXFileReference; lastKnownFileType = sourcecode.c.objc; path = DIXOutlineView.m; sourceTree = "<group>"; };
		"TEMP_93DC4022-FC11-4C40-84BB-5410F400F058" /* OAToolbarWindowControllerEx.m */ = {isa = PBXFileReference; lastKnownFileType = sourcecode.c.objc; path = OAToolbarWindowControllerEx.m; sourceTree = "<group>"; };
		"TEMP_9678D35C-F17E-40A8-A51E-903ACEB2A4EB" /* es */ = {isa = PBXFileReference; lastKnownFileType = file.xib; name = es; path = es.lproj/GeneralPreferencesPage.xib; sourceTree = "<group>"; };
		"TEMP_9743B208-881D-429B-A580-935E4D13CE74" /* Preferences.tiff */ = {isa = PBXFileReference; lastKnownFileType = image.tiff; path = Preferences.tiff; sourceTree = "<group>"; };
		"TEMP_99334F31-D670-4573-A82E-59BC914EB173" /* NSURL-Extensions.h */ = {isa = PBXFileReference; lastKnownFileType = sourcecode.c.h; path = "NSURL-Extensions.h"; sourceTree = "<group>"; };
		"TEMP_9BE17529-DD1C-4B04-92FD-56AF316B893D" /* FSItemIndex.m */ = {isa = PBXFileReference; lastKnownFileType = sourcecode.c.objc; path = FSItemIndex.m; sourceTree = "<group>"; };
		"TEMP_9DC5B46A-F720-4F3B-AC6A-51914208DDEE" /* es */ = {isa = PBXFileReference; lastKnownFileType = file.xib; name = es; path = es.lproj/TreeMapPreferencesPage.xib; sourceTree = "<group>"; };
		"TEMP_9F97F2DF-0369-4BD0-A9C2-33CEEEF6330E" /* FileSystemDoc.m */ = {isa = PBXFileReference; lastKnownFileType = sourcecode.c.objc; path = FileSystemDoc.m; sourceTree = "<group>"; };
		"TEMP_A04E04CB-AD6B-43A6-AFDC-A9A0312DE2B1" /* DIXFileInfoView.m */ = {isa = PBXFileReference; lastKnownFileType = sourcecode.c.objc; path = DIXFileInfoView.m; sourceTree = "<group>"; };
		"TEMP_A0BA148E-81A3-4659-91CE-404675BA8257" /* MoveToTrash.png */ = {isa = PBXFileReference; lastKnownFileType = image.png; path = MoveToTrash.png; sourceTree = "<group>"; };
		"TEMP_A0F55699-A49C-45DA-B7EA-B08E3DD3A74E" /* DIXTableView.h */ = {isa = PBXFileReference; lastKnownFileType = sourcecode.c.h; path = DIXTableView.h; sourceTree = "<group>"; };
		"TEMP_A5B666A7-B41F-48B2-ABAE-DE6A5A0664AA" /* FileTypeColors.h */ = {isa = PBXFileReference; lastKnownFileType = sourcecode.c.h; path = FileTypeColors.h; sourceTree = "<group>"; };
		"TEMP_A93A9B44-D59A-4B28-8833-3D5706289A2A" /* en */ = {isa = PBXFileReference; lastKnownFileType = file.xib; name = en; path = en.lproj/TreeMapPreferencesPage.xib; sourceTree = "<group>"; };
		"TEMP_A9C0E188-27F0-4EE7-8D60-37897A93FF92" /* FSItem-Utilities.m */ = {isa = PBXFileReference; lastKnownFileType = sourcecode.c.objc; path = "FSItem-Utilities.m"; sourceTree = "<group>"; };
		"TEMP_ABB0DE2E-8FEA-4AB3-A990-5F42AF61D8FD" /* KindsStatisticDrawer.tiff */ = {isa = PBXFileReference; lastKnownFileType = image.tiff; path = KindsStatisticDrawer.tiff; sourceTree = "<group>"; };
		"TEMP_AC6F54D8-CF98-471B-BDB8-32D1695A151D" /* FSItem.m */ = {isa = PBXFileReference; lastKnownFileType = sourcecode.c.objc; path = FSItem.m; sourceTree = "<group>"; };
		"TEMP_AE31B79F-1B89-4F7C-AA6A-3634848FE0C8" /* main.m */ = {isa = PBXFileReference; lastKnownFileType = sourcecode.c.objc; path = main.m; sourceTree = "<group>"; };
		"TEMP_AE3250E8-6A3B-4032-AE34-20381A25DCF2" /* es */ = {isa = PBXFileReference; lastKnownFileType = file.xib; name = es; path = es.lproj/TreeMap.xib; sourceTree = "<group>"; };
		"TEMP_B012134A-FEE6-4FD4-AB40-833F5823D570" /* Preferences.h */ = {isa = PBXFileReference; lastKnownFileType = sourcecode.c.h; path = Preferences.h; sourceTree = "<group>"; };
		"TEMP_B479FA3A-A511-4303-B69C-DC5EFDA54FCC" /* en */ = {isa = PBXFileReference; lastKnownFileType = text.plist.strings; name = en; path = en.lproj/Preferences.strings; sourceTree = "<group>"; };
		"TEMP_B4D40D9F-6CA6-44D6-B1ED-12E9FDF3EC1E" /* ShowPackageContentsClosed.png */ = {isa = PBXFileReference; lastKnownFileType = image.png; path = ShowPackageContentsClosed.png; sourceTree = "<group>"; };
		"TEMP_BF5B59D0-92DD-4041-BC19-24AF2A775270" /* PrefsPageBase.m */ = {isa = PBXFileReference; lastKnownFileType = sourcecode.c.objc; path = PrefsPageBase.m; sourceTree = "<group>"; };
		"TEMP_BFF8F988-5A6C-4D46-9FBF-AD0734837D3F" /* es */ = {isa = PBXFileReference; lastKnownFileType = text.plist.strings; name = es; path = es.lproj/Localizable.strings; sourceTree = "<group>"; };
		"TEMP_C1AE5245-E75C-4BDC-9BC2-E5F21F3D4F9E" /* ZoomOut.tiff */ = {isa = PBXFileReference; lastKnownFileType = image.tiff; path = ZoomOut.tiff; sourceTree = "<group>"; };
		"TEMP_C325DB5E-B6CB-420B-B096-8FB65DADFF4B" /* de */ = {isa = PBXFileReference; lastKnownFileType = file.xib; name = de; path = de.lproj/InfoPanel.xib; sourceTree = "<group>"; };
		"TEMP_C462F4B7-25EA-44D5-BA3C-6D6EFFF7D7A2" /* FileKindsTableController.h */ = {isa = PBXFileReference; lastKnownFileType = sourcecode.c.h; path = FileKindsTableController.h; sourceTree = "<group>"; };
		"TEMP_C48B661E-0BD0-41F4-958F-2061F172815C" /* SelectionListController.h */ = {isa = PBXFileReference; lastKnownFileType = sourcecode.c.h; path = SelectionListController.h; sourceTree = "<group>"; };
		"TEMP_C4A5B98D-5F20-4768-AA3C-9B544FD06295" /* en */ = {isa = PBXFileReference; lastKnownFileType = file.xib; name = en; path = en.lproj/InfoPanel.xib; sourceTree = "<group>"; };
		"TEMP_C50F65F8-5D94-4931-A6C4-43083669ABFF" /* de */ = {isa = PBXFileReference; lastKnownFileType = file.xib; name = de; path = de.lproj/LoadingPanel.xib; sourceTree = "<group>"; };
		"TEMP_C829E9D8-FFDC-4453-B854-4B9BA1F33D2B" /* de */ = {isa = PBXFileReference; lastKnownFileType = file.xib; name = de; path = de.lproj/DonationPanel.xib; sourceTree = "<group>"; };
		"TEMP_C83DD7B9-DE81-4CAE-9A32-6BC7BFB1FF72" /* de */ = {isa = PBXFileReference; lastKnownFileType = file.xib; name = de; path = de.lproj/TreeMap.xib; sourceTree = "<group>"; };
		"TEMP_CB9F6F62-BBB7-4FBE-A09F-7F13894BAA49" /* Inspector.tiff */ = {isa = PBXFileReference; lastKnownFileType = image.tiff; path = Inspector.tiff; sourceTree = "<group>"; };
		"TEMP_CF8F6D57-92D2-4B57-82D2-CD365B39C13C" /* AppController.h */ = {isa = PBXFileReference; lastKnownFileType = sourcecode.c.h; path = AppController.h; sourceTree = "<group>"; };
		"TEMP_D0360227-71E1-41B5-A058-5835620170EE" /* FileKindsTableController.m */ = {isa = PBXFileReference; lastKnownFileType = sourcecode.c.objc; path = FileKindsTableController.m; sourceTree = "<group>"; };
		"TEMP_D1596C93-DFF0-4599-8EC9-A27770370A68" /* VolumeUsageTransformer.h */ = {isa = PBXFileReference; lastKnownFileType = sourcecode.c.h; path = VolumeUsageTransformer.h; sourceTree = "<group>"; };
		"TEMP_D7B26FF5-F4B0-404A-9CE3-D6F853486A8C" /* FileSystemDoc.h */ = {isa = PBXFileReference; lastKnownFileType = sourcecode.c.h; path = FileSystemDoc.h; sourceTree = "<group>"; };
		"TEMP_DA92D036-F101-4FE8-9245-8BBC6A57D718" /* GeneralPrefPage.m */ = {isa = PBXFileReference; lastKnownFileType = sourcecode.c.objc; path = GeneralPrefPage.m; sourceTree = "<group>"; };
		"TEMP_DED0D638-F342-400A-B841-61EC5B456AE0" /* FilesOutlineViewController.m */ = {isa = PBXFileReference; lastKnownFileType = sourcecode.c.objc; path = FilesOutlineViewController.m; sourceTree = "<group>"; };
		"TEMP_DEEFAC4C-2E18-4190-9848-773DC042A9DB" /* fr */ = {isa = PBXFileReference; lastKnownFileType = text.plist.strings; name = fr; path = fr.lproj/Preferences.strings; sourceTree = "<group>"; };
		"TEMP_DF47CBB1-4CAE-4FFA-82ED-B45166C84FA8" /* MainWindowController.h */ = {isa = PBXFileReference; lastKnownFileType = sourcecode.c.h; path = MainWindowController.h; sourceTree = "<group>"; };
		"TEMP_E1AE76F8-E212-4C02-9E2C-07C83157C23B" /* fr */ = {isa = PBXFileReference; lastKnownFileType = text.plist.strings; name = fr; path = fr.lproj/InfoPlist.strings; sourceTree = "<group>"; };
		"TEMP_E1EBECC2-E20C-40BA-9B01-F8210227F329" /* fr */ = {isa = PBXFileReference; lastKnownFileType = file.xib; name = fr; path = fr.lproj/MainMenu.xib; sourceTree = "<group>"; };
		"TEMP_E46A6C68-B019-4BCF-86C3-310D38E8AAAA" /* FilesOutlineViewController.h */ = {isa = PBXFileReference; lastKnownFileType = sourcecode.c.h; path = FilesOutlineViewController.h; sourceTree = "<group>"; };
		"TEMP_E7E267E5-BAD1-44B5-BDCB-4B85C8C2B75D" /* GenericArrayController.m */ = {isa = PBXFileReference; lastKnownFileType = sourcecode.c.objc; path = GenericArrayController.m; sourceTree = "<group>"; };
		"TEMP_EDB99EB7-14B9-41F7-BBFC-C91F7544D1BD" /* MainWindow.m */ = {isa = PBXFileReference; lastKnownFileType = sourcecode.c.objc; path = MainWindow.m; sourceTree = "<group>"; };
		"TEMP_EF89972A-A440-4BFB-AA6D-C1D60A7E87AB" /* DIXOutlineView.h */ = {isa = PBXFileReference; lastKnownFileType = sourcecode.c.h; path = DIXOutlineView.h; sourceTree = "<group>"; };
		"TEMP_F080401B-AB03-4FA1-B957-40A063D9526D" /* FileSizeFormatter.m */ = {isa = PBXFileReference; lastKnownFileType = sourcecode.c.objc; path = FileSizeFormatter.m; sourceTree = "<group>"; };
		"TEMP_F35AD65A-5309-4AB6-809F-B53C37C2C873" /* PrefsPanelController.m */ = {isa = PBXFileReference; lastKnownFileType = sourcecode.c.objc; path = PrefsPanelController.m; sourceTree = "<group>"; };
		"TEMP_FB0B4243-51E6-4BE5-9926-B1EF87A72176" /* de */ = {isa = PBXFileReference; lastKnownFileType = text.plist.strings; name = de; path = de.lproj/Localizable.strings; sourceTree = "<group>"; };
		"TEMP_FC04FF67-85DF-4181-AAD5-B39928727107" /* FileTypeColors.m */ = {isa = PBXFileReference; lastKnownFileType = sourcecode.c.objc; path = FileTypeColors.m; sourceTree = "<group>"; };
		"TEMP_FD7F2250-C6E6-4E39-8C74-C5FEB9940BC7" /* DIXFileInfoView.h */ = {isa = PBXFileReference; lastKnownFileType = sourcecode.c.h; path = DIXFileInfoView.h; sourceTree = "<group>"; };
/* End PBXFileReference section */

/* Begin PBXGroup section */
		1443F34B3026883A1C1A7E71 /* CocoaTech-Depreciated */ = {
			isa = PBXGroup;
			children = (
				350DECE310083D00E779AB9B /* NTFilePasteboardSource.h */,
				E5249BBA00CB50551A3E0A76 /* NTFilePasteboardSource.m */,
				1A6A8DBA4A8CD6E4A0A5D358 /* NTInfoView.h */,
				4108E2C3F3A7C77B93973585 /* NTInfoView.m */,
				049D2743F3C741E48A82B626 /* NTTitledInfoPair.h */,
				FB20CFB2A04F31F8B598361C /* NTTitledInfoPair.m */,
				39040A1DD74887498B72B54E /* NTTitledInfoView.h */,
				7A4377EC2A5C0A626110C6BB /* NTTitledInfoView.m */,
			);
			path = "CocoaTech-Depreciated";
			sourceTree = "<group>";
		};
		50D193E21922E502F14E78F5 = {
			isa = PBXGroup;
			children = (
				61794FEF992727B4F801E368 /* MainWindowToolbar.toolbar */,
				1443F34B3026883A1C1A7E71 /* CocoaTech-Depreciated */,
				5503BD7571E84C18A13F440A /* Disk Inventory X */,
				B1EC96435EC1F47E12ACFD1F /* Foundation Extensions */,
				9713FC999587FF3643457691 /* TreeMapView */,
				85780B5BE9BA18F171E9B925 /* Products */,
			);
			sourceTree = "<group>";
		};
		5503BD7571E84C18A13F440A /* Disk Inventory X */ = {
			isa = PBXGroup;
			children = (
				1D9CA8F5F013636A739D7D1C /* Images.xcassets */,
			);
			path = "Disk Inventory X";
			sourceTree = "<group>";
		};
		85780B5BE9BA18F171E9B925 /* Products */ = {
			isa = PBXGroup;
			children = (
				EDAF862A99D0E8E600F25157 /* Disk Inventory X.app */,
			);
			name = Products;
			sourceTree = "<group>";
		};
		9713FC999587FF3643457691 /* TreeMapView */ = {
			isa = PBXGroup;
			children = (
				276FFFED11D5D153DEC3EC20 /* NSBitmapImageRep-CreationExtensions.h */,
				9A14A2E39C7615F4E936BD04 /* NSBitmapImageRep-CreationExtensions.m */,
				1607A7C78740A39BD630CDE4 /* NSView-BackingCoordsHelpers.h */,
				A6E05C14DDDCA495A92E952E /* NSView-BackingCoordsHelpers.m */,
				B9989DFFE184C695057365F2 /* TMVCushionRenderer.h */,
				4A671861EDEF3E75A5CF7181 /* TMVCushionRenderer.m */,
				3E73DB9EA18B690C4D3B3019 /* TMVItem.h */,
				4825AACE3502DDC9B37ADC83 /* TMVItem.m */,
				8D32401601A7E9A67B7B0E2A /* TreeMapView.h */,
				49FC86D2B525DD2DE78A0057 /* TreeMapView.m */,
				4203D8F52B03912BFF8A00E1 /* ZoomInfo.h */,
				0FE1E7B07E52794858E8C165 /* ZoomInfo.m */,
			);
			name = TreeMapView;
			path = TreeMapView;
			sourceTree = "<group>";
		};
		B1EC96435EC1F47E12ACFD1F /* Foundation Extensions */ = {
			isa = PBXGroup;
			children = (
				B760C840214D458B4E3DCB2D /* NSFileManager-Extensions.h */,
				F2D890B3BDBE8F0489E1F6E7 /* NSFileManager-Extensions.m */,
			);
			path = "Foundation Extensions";
			sourceTree = "<group>";
		};
		"TEMP_F7A1296F-A542-431F-88B0-9265C29A7680" /* Resources */ = {
			isa = PBXGroup;
			children = (
				"TEMP_93DC4022-FC11-4C40-84BB-5410F400F058" /* OAToolbarWindowControllerEx.m */,
				"TEMP_8DBFC8AC-5B96-4FF6-B5B0-94CFC7C1AA5D" /* VolumeNameTransformer.h */,
				"TEMP_C48B661E-0BD0-41F4-958F-2061F172815C" /* SelectionListController.h */,
				"TEMP_E46A6C68-B019-4BCF-86C3-310D38E8AAAA" /* FilesOutlineViewController.h */,
				"TEMP_3320CBB8-17A9-48FA-8138-72672A2FDC9E" /* MainWindow.h */,
				"TEMP_65352D58-1D6F-4B57-8EC9-D1091BD19E74" /* TreeMapPrefPage.m */,
				"TEMP_73D8BBA7-8EB6-408A-8BC7-62CC46385477" /* FSItemIndex.h */,
				"TEMP_0C90B86D-357F-451A-8844-84E9612E9B5F" /* PrefsPanelController.h */,
				"TEMP_A9C0E188-27F0-4EE7-8D60-37897A93FF92" /* FSItem-Utilities.m */,
				"TEMP_2CFA6E73-6569-4D28-9F7A-A68D7C9569AF" /* LoadingPanelController.m */,
				"TEMP_93C2395C-4D91-4C61-A4C1-1F93EEC15C9F" /* DIXOutlineView.m */,
				"TEMP_D1596C93-DFF0-4599-8EC9-A27770370A68" /* VolumeUsageTransformer.h */,
				"TEMP_48BC5F54-9381-43C7-8A66-ECEE5A14CEB2" /* TreeMapViewController.h */,
				"TEMP_F080401B-AB03-4FA1-B957-40A063D9526D" /* FileSizeFormatter.m */,
				"TEMP_145829F6-A48E-41FC-AE74-3E7078BE8D90" /* Timing.h */,
				"TEMP_04F75721-AB78-4AAC-8CD3-7840B89285F3" /* AppController.m */,
				"TEMP_D7B26FF5-F4B0-404A-9CE3-D6F853486A8C" /* FileSystemDoc.h */,
				"TEMP_2D0D18B5-9AEC-48D7-AE51-90694DEC7747" /* FileSizeTransformer.m */,
				"TEMP_918A8711-1D68-4BB3-AAD7-DADC42597DE1" /* NSURL-Extensions.m */,
				"TEMP_BF5B59D0-92DD-4041-BC19-24AF2A775270" /* PrefsPageBase.m */,
				"TEMP_13910BB8-3B38-40D4-A64B-2DCF0F7BDB71" /* FileKindsPopupController.h */,
				"TEMP_53259DF8-B08A-494C-81D6-5F1471E126B5" /* InfoPanelController.m */,
				"TEMP_A04E04CB-AD6B-43A6-AFDC-A9A0312DE2B1" /* DIXFileInfoView.m */,
				"TEMP_66A8B25C-DA11-4ECB-AF03-5161CD5C48DC" /* ImageAndTextCell.h */,
				"TEMP_FC04FF67-85DF-4181-AAD5-B39928727107" /* FileTypeColors.m */,
				"TEMP_0E79C8EA-69F2-4004-8322-7F96A6FD45EF" /* Preferences.m */,
				"TEMP_D0360227-71E1-41B5-A058-5835620170EE" /* FileKindsTableController.m */,
				"TEMP_4A0FA156-0950-4C05-9E08-E9DBB5B7764B" /* SelectionListTableController.m */,
				"TEMP_DF47CBB1-4CAE-4FFA-82ED-B45166C84FA8" /* MainWindowController.h */,
				"TEMP_E7E267E5-BAD1-44B5-BDCB-4B85C8C2B75D" /* GenericArrayController.m */,
				"TEMP_8577C202-5C67-4BA6-8110-8B8F01B80834" /* DIXTableView.m */,
				"TEMP_4C4591DA-B416-47FA-923D-F63FA3C067D1" /* AppsForItem.m */,
				"TEMP_3DBD319A-26EF-46B0-BFE6-46104C632383" /* MyDocumentController.m */,
				"TEMP_AC6F54D8-CF98-471B-BDB8-32D1695A151D" /* FSItem.m */,
				"TEMP_DA92D036-F101-4FE8-9245-8BBC6A57D718" /* GeneralPrefPage.m */,
				"TEMP_7291BEC4-BF3A-48B9-88ED-3B3C66D8AA8A" /* DrivesPanelController.m */,
				"TEMP_F35AD65A-5309-4AB6-809F-B53C37C2C873" /* PrefsPanelController.m */,
				"TEMP_9BE17529-DD1C-4B04-92FD-56AF316B893D" /* FSItemIndex.m */,
				"TEMP_EDB99EB7-14B9-41F7-BBFC-C91F7544D1BD" /* MainWindow.m */,
				"TEMP_0393859D-9D02-4BAC-853C-2E69766BA82B" /* TreeMapPrefPage.h */,
				"TEMP_DED0D638-F342-400A-B841-61EC5B456AE0" /* FilesOutlineViewController.m */,
				"TEMP_3999729A-5CA4-40BF-BFEF-B4F538E01F97" /* VolumeNameTransformer.m */,
				"TEMP_33A29DCF-106F-4951-AD50-0754D5957B8F" /* SelectionListController.m */,
				"TEMP_AE31B79F-1B89-4F7C-AA6A-3634848FE0C8" /* main.m */,
				"TEMP_658FFF4A-2482-4CB5-83DE-19C1EB4B0D60" /* OAToolbarWindowControllerEx.h */,
				"TEMP_81D55C75-CCAB-4162-B314-43E96D818593" /* InfoPanelController.h */,
				"TEMP_4E7234B5-F81D-4120-AB26-AAEE92FE5B23" /* FileKindsPopupController.m */,
				"TEMP_56ED7E62-FAD3-47F0-9B85-9DFDCD6C93A6" /* PrefsPageBase.h */,
				"TEMP_99334F31-D670-4573-A82E-59BC914EB173" /* NSURL-Extensions.h */,
				"TEMP_1CB8F0DB-FAEA-4FEC-8720-A66B5466FA3A" /* FileSizeTransformer.h */,
				"TEMP_3F6CD89B-F9DE-4AAF-BDD8-BABD92EC681E" /* Timing.c */,
				"TEMP_9F97F2DF-0369-4BD0-A9C2-33CEEEF6330E" /* FileSystemDoc.m */,
				"TEMP_CF8F6D57-92D2-4B57-82D2-CD365B39C13C" /* AppController.h */,
				"TEMP_35D46F50-F02C-474F-9929-FF6B2C9C4CC9" /* TreeMapViewController.m */,
				"TEMP_32C8F7DE-F5A8-4217-BA4B-4B34A3648B8E" /* FileSizeFormatter.h */,
				"TEMP_378B69D9-FEDE-4A6C-9534-601AB6BFCDEC" /* VolumeUsageTransformer.m */,
				"TEMP_EF89972A-A440-4BFB-AA6D-C1D60A7E87AB" /* DIXOutlineView.h */,
				"TEMP_66A475A3-A3C5-4D97-AD9D-625D5A3D87EC" /* FSItem-Utilities.h */,
				"TEMP_11A9C354-1E83-4884-9D4B-A370B117580D" /* LoadingPanelController.h */,
				"TEMP_2B927688-5F06-4C99-841F-E47159C42BB5" /* ImageAndTextCell.m */,
				"TEMP_FD7F2250-C6E6-4E39-8C74-C5FEB9940BC7" /* DIXFileInfoView.h */,
				"TEMP_108220B2-2B47-4524-B7DA-FA88433BD1EF" /* DrivesPanelController.h */,
				"TEMP_10FA14E7-773F-457C-A05E-04BE9E0B23BC" /* FSItem.h */,
				"TEMP_23D87D49-B5C6-45A1-8F77-C9FB88AA137A" /* GeneralPrefPage.h */,
				"TEMP_488D3A82-D31C-4A8D-B91B-CE57473CFFE1" /* MyDocumentController.h */,
				"TEMP_0C2BB0D1-0C75-4AE3-A64E-2EBF2F298820" /* AppsForItem.h */,
				"TEMP_A0F55699-A49C-45DA-B7EA-B08E3DD3A74E" /* DIXTableView.h */,
				"TEMP_1872C352-149D-4F1C-9E1A-BE7F62A0C3D7" /* GenericArrayController.h */,
				"TEMP_62FF3859-FD9E-4C8A-BCC4-FC844D214055" /* MainWindowController.m */,
				"TEMP_80AD8AC0-986E-4CF5-B7BD-4E7DDB544A35" /* SelectionListTableController.h */,
				"TEMP_C462F4B7-25EA-44D5-BA3C-6D6EFFF7D7A2" /* FileKindsTableController.h */,
				"TEMP_A5B666A7-B41F-48B2-ABAE-DE6A5A0664AA" /* FileTypeColors.h */,
				"TEMP_B012134A-FEE6-4FD4-AB40-833F5823D570" /* Preferences.h */,
				B1EC96435EC1F47E12ACFD1F /* Foundation Extensions */,
				1443F34B3026883A1C1A7E71 /* CocoaTech-Depreciated */,
				"TEMP_18123757-B126-4DD4-AF50-BB578DED8406" /* TreeMapPreferences.tiff */,
				"TEMP_A0BA148E-81A3-4659-91CE-404675BA8257" /* MoveToTrash.png */,
				"TEMP_0B643D32-487B-4CA0-9612-DF2345A272C4" /* RefreshSelection.png */,
				"TEMP_2A0675CC-FAB3-4429-B274-0C4F4684997C" /* GeneralPreferences.tiff */,
				"TEMP_77E3B8A7-1C5D-4E5E-BD55-583BA5DDA59D" /* RefreshAll.png */,
				"TEMP_B4D40D9F-6CA6-44D6-B1ED-12E9FDF3EC1E" /* ShowPackageContentsClosed.png */,
				"TEMP_C1AE5245-E75C-4BDC-9BC2-E5F21F3D4F9E" /* ZoomOut.tiff */,
				"TEMP_61805509-4B3C-47E5-8091-76551C8BF8D0" /* RevealInFinder.png */,
				"TEMP_CB9F6F62-BBB7-4FBE-A09F-7F13894BAA49" /* Inspector.tiff */,
				"TEMP_9743B208-881D-429B-A580-935E4D13CE74" /* Preferences.tiff */,
				"TEMP_ABB0DE2E-8FEA-4AB3-A990-5F42AF61D8FD" /* KindsStatisticDrawer.tiff */,
				"TEMP_2C9D4236-FACB-47BC-941B-C2E9140FAD83" /* ShowPackageContentsOpen.png */,
				"TEMP_3F65F76C-3770-4F49-AA22-780E609FAD49" /* ZoomIn.tiff */,
				"TEMP_60DDAE1D-FDD6-45C4-89FE-8ED0E342EB90" /* Credits.rtf */,
				"TEMP_0FBEB3D5-0DFF-4439-ACF6-B01F10AF40D2" /* DonationPanel.xib */,
				"TEMP_9DDA51A2-283F-4D63-AE89-6CB99CC4F2CA" /* GeneralPreferencesPage.xib */,
				"TEMP_8E955EFA-E204-47B7-82B3-149CACF49441" /* Help */,
				"TEMP_08F4B0FD-5711-4706-A1C2-DCC30AE0B871" /* InfoPanel.xib */,
				"TEMP_21E5B6D0-3C0F-4539-9B12-EF119AEBE701" /* InfoPlist.strings */,
				"TEMP_04748FEA-D930-4632-BCE6-A0AEBE5B9430" /* LoadingPanel.xib */,
				"TEMP_598E94DC-0D60-49C1-AC63-EFAB139B36D1" /* Localizable.strings */,
				"TEMP_9C2682BF-7A07-4D35-89F6-38398540FC62" /* MainMenu.xib */,
				"TEMP_2397BABA-6B9C-46BA-80E2-5A4DAF49C0E1" /* Preferences.strings */,
				"TEMP_1E567C82-58C9-4222-BFCF-9AC24EE38BB8" /* TreeMap.xib */,
				"TEMP_5E978DCA-06A4-4EC4-8D8A-B22C9FAE181B" /* TreeMapPreferencesPage.xib */,
				"TEMP_C67416F8-ACDA-44C4-BE95-8BAF9B14D433" /* VolumesPanel.xib */,
			);
			name = Resources;
			path = .;
			sourceTree = "<group>";
		};
/* End PBXGroup section */

/* Begin PBXNativeTarget section */
		EB6FDB35376587AE7ABDC7F6 /* Disk Inventory X */ = {
			isa = PBXNativeTarget;
			buildConfigurationList = A4D24B3D34A6A72BFA218D77 /* Build configuration list for PBXNativeTarget "Disk Inventory X" */;
			buildPhases = (
				3F69501DAF5D3EE1E6BDB642 /* Sources */,
				2B86963EE94DB0EFE4B77765 /* Resources */,
			);
			buildRules = (
			);
			dependencies = (
			);
			name = "Disk Inventory X";
			packageProductDependencies = (
			);
			productName = "Disk Inventory X";
			productReference = EDAF862A99D0E8E600F25157 /* Disk Inventory X.app */;
			productType = "com.apple.product-type.application";
		};
/* End PBXNativeTarget section */

/* Begin PBXProject section */
		EEA3718B3D26CC1A25E0FE46 /* Project object */ = {
			isa = PBXProject;
			attributes = {
				BuildIndependentTargetsInParallel = YES;
				LastUpgradeCheck = 1430;
				TargetAttributes = {
					EB6FDB35376587AE7ABDC7F6 = {
						ProvisioningStyle = Automatic;
					};
				};
			};
			buildConfigurationList = D01ED15206A74014386A56C9 /* Build configuration list for PBXProject "Disk Inventory X" */;
			developmentRegion = en;
			hasScannedForEncodings = 0;
			knownRegions = (
				Base,
				de,
				en,
				es,
				fr,
			);
			mainGroup = 50D193E21922E502F14E78F5;
			minimizedProjectReferenceProxies = 1;
			preferredProjectObjectVersion = 77;
			productRefGroup = 85780B5BE9BA18F171E9B925 /* Products */;
			projectDirPath = "";
			projectRoot = "";
			targets = (
				EB6FDB35376587AE7ABDC7F6 /* Disk Inventory X */,
			);
		};
/* End PBXProject section */

/* Begin PBXResourcesBuildPhase section */
		2B86963EE94DB0EFE4B77765 /* Resources */ = {
			isa = PBXResourcesBuildPhase;
			buildActionMask = 2147483647;
			files = (
				A77BD9F89E7C72E2CE414B21 /* Credits.rtf in Resources */,
				9CE356C02782B1971B5A9A29 /* DonationPanel.xib in Resources */,
				1F105DDD226411066A4BF22E /* GeneralPreferences.tiff in Resources */,
				812C575D6EC844ACD03A9602 /* GeneralPreferencesPage.xib in Resources */,
				D51EF19EDC5808B7A26D711A /* Help in Resources */,
				E45D2786F3ED566FBFFC5F0D /* Images.xcassets in Resources */,
				4AC4FCBB7B4D1A7C4D0E7A81 /* InfoPanel.xib in Resources */,
				EDF24E7FD50ADFF7C0075883 /* InfoPlist.strings in Resources */,
				29E26FD67DC9BE60AA7683B2 /* Inspector.tiff in Resources */,
				F468C14134681E976DE58644 /* KindsStatisticDrawer.tiff in Resources */,
				67674258AB4C34C2A43B2F15 /* LoadingPanel.xib in Resources */,
				C3790BED5B931DF4B81BB084 /* Localizable.strings in Resources */,
				EC9A267932C5F160CB147BDF /* MainMenu.xib in Resources */,
				8A31B8681683F9CEF52DBAA9 /* MainWindowToolbar.toolbar in Resources */,
				6DD46BCAB2321CAA1C5761E9 /* MoveToTrash.png in Resources */,
				9DD8128331493674A644D636 /* Preferences.strings in Resources */,
				346E6DF3454A2E4369E4FDDC /* Preferences.tiff in Resources */,
				FD5AD6797FA8577BE9FB2B2A /* RefreshAll.png in Resources */,
				A2680CCF07CB949DA880047D /* RefreshSelection.png in Resources */,
				56B97DFB0674D80DBD427EE0 /* RevealInFinder.png in Resources */,
				1F5BBADC602E7FC2F6566C2E /* ShowPackageContentsClosed.png in Resources */,
				BC0D392066A06893F8043BE2 /* ShowPackageContentsOpen.png in Resources */,
				0DA1383CBF9F9698EBF22D83 /* TreeMap.xib in Resources */,
				951F9BA94D270865A3F0D18C /* TreeMapPreferences.tiff in Resources */,
				BBCBBDF78CFFBBE0E974DCFF /* TreeMapPreferencesPage.xib in Resources */,
				06DCAD004B2EE0EA481B5293 /* VolumesPanel.xib in Resources */,
				C08C135156ED848C5266C9B2 /* ZoomIn.tiff in Resources */,
				53C21485D7D217333E902F95 /* ZoomOut.tiff in Resources */,
			);
			runOnlyForDeploymentPostprocessing = 0;
		};
/* End PBXResourcesBuildPhase section */

/* Begin PBXSourcesBuildPhase section */
		3F69501DAF5D3EE1E6BDB642 /* Sources */ = {
			isa = PBXSourcesBuildPhase;
			buildActionMask = 2147483647;
			files = (
				3913626ABEA06FDF336F4919 /* AppController.m in Sources */,
				12CEE2333C89E243C3C94A0A /* AppsForItem.m in Sources */,
				8CD24D4D19E29F73520178D8 /* DIXFileInfoView.m in Sources */,
				DDFDFCC683F4CFAE55C98F1D /* DIXOutlineView.m in Sources */,
				E66B4AD384F0B24A44981BE6 /* DIXTableView.m in Sources */,
				3B8F138877960C9B4E475883 /* DrivesPanelController.m in Sources */,
				7947D7C955A991FEA140E49E /* FSItem-Utilities.m in Sources */,
				5AEE33D9B7BDFC8C9B8A49F8 /* FSItem.m in Sources */,
				037AB166DC36789E9FF27EF5 /* FSItemIndex.m in Sources */,
				BE8DE7F720D7D65688B42C45 /* FileKindsPopupController.m in Sources */,
				A58101A3D5DBECEF0C964234 /* FileKindsTableController.m in Sources */,
				58339A42D11D327F9940832F /* FileSizeFormatter.m in Sources */,
				22A4493D8C23E2DA4B6424B3 /* FileSizeTransformer.m in Sources */,
				6B42D9CAC5D0784F2CF9E559 /* FileSystemDoc.m in Sources */,
				D3BCDCFCA5D829DB3B4DAB4B /* FileTypeColors.m in Sources */,
				9CB97095F9DD4CF3A21136AA /* FilesOutlineViewController.m in Sources */,
				4867E51AD2C05641D7FE3699 /* GeneralPrefPage.m in Sources */,
				7460A08B0084250A27FD7BCD /* GenericArrayController.m in Sources */,
				673BDD154DCB5AF6C746F252 /* ImageAndTextCell.m in Sources */,
				F23015254875257277D267CE /* InfoPanelController.m in Sources */,
				0BAC88E74BC55393C3C7F1A0 /* LoadingPanelController.m in Sources */,
				B6F8AAE9B8B29CF5045D6DD3 /* MainWindow.m in Sources */,
				7F8EB5249DF077B7907E13E9 /* MainWindowController.m in Sources */,
				BCDFDD8EF20E82563FAF991D /* MyDocumentController.m in Sources */,
				EB89AEE4A3DE9E35ACF58346 /* NSBitmapImageRep-CreationExtensions.m in Sources */,
				21F2B9DFA2EEDE15EF29203C /* NSFileManager-Extensions.m in Sources */,
				C2DC6C68253D5CE9A997A37E /* NSURL-Extensions.m in Sources */,
				E0A7400BC92ACC214B336C59 /* NSView-BackingCoordsHelpers.m in Sources */,
				15E10975082CB3DAA242724F /* NTFilePasteboardSource.m in Sources */,
				1337A336C4A8B344F2ED34DB /* NTInfoView.m in Sources */,
				FEF5FA58FE380B0CF5C4EF8C /* NTTitledInfoPair.m in Sources */,
				0B9E76470BF384926C5E0DB8 /* NTTitledInfoView.m in Sources */,
				CC77E24C8C9E59AC80557534 /* OAToolbarWindowControllerEx.m in Sources */,
				350DA1A673061546ADDEE2E0 /* Preferences.m in Sources */,
				3F2A4CB64001A7D03B7FFF9A /* PrefsPageBase.m in Sources */,
				004E5B86D204BCC057132668 /* PrefsPanelController.m in Sources */,
				9358F8E9F8A4DA23C1634AB8 /* SelectionListController.m in Sources */,
				5ED13CD4D495187B572D1482 /* SelectionListTableController.m in Sources */,
				993EB42329537E6C80B1127F /* TMVCushionRenderer.m in Sources */,
				B45170ED803EA1360A5AF7CC /* TMVItem.m in Sources */,
				7ED75A71EA77F29E238CFE63 /* Timing.c in Sources */,
				BB5816AECFF4E6C0412D4E8F /* TreeMapPrefPage.m in Sources */,
				3C6AD07896169886C77FE4FB /* TreeMapView.m in Sources */,
				A4C0CB0BE8AC7CBB61B8C380 /* TreeMapViewController.m in Sources */,
				BF060074AC5F3F31F9FF3678 /* VolumeNameTransformer.m in Sources */,
				7715A889AB16A678B7F0EEE2 /* VolumeUsageTransformer.m in Sources */,
				891CD86A644339D8EEEDC188 /* ZoomInfo.m in Sources */,
				A5E45E77C3510659448929D7 /* main.m in Sources */,
			);
			runOnlyForDeploymentPostprocessing = 0;
		};
/* End PBXSourcesBuildPhase section */

/* Begin PBXVariantGroup section */
		"TEMP_04748FEA-D930-4632-BCE6-A0AEBE5B9430" /* LoadingPanel.xib */ = {
			isa = PBXVariantGroup;
			children = (
				"TEMP_C50F65F8-5D94-4931-A6C4-43083669ABFF" /* de */,
				"TEMP_57BB01C6-9F40-474D-92E5-CC79BBB767CF" /* en */,
				"TEMP_08C6672A-3E05-4157-A7F3-5CE61177BE00" /* es */,
				"TEMP_6493E3C5-5637-44CA-B136-277AF2836304" /* fr */,
			);
			name = LoadingPanel.xib;
			sourceTree = "<group>";
		};
		"TEMP_08F4B0FD-5711-4706-A1C2-DCC30AE0B871" /* InfoPanel.xib */ = {
			isa = PBXVariantGroup;
			children = (
				"TEMP_C325DB5E-B6CB-420B-B096-8FB65DADFF4B" /* de */,
				"TEMP_C4A5B98D-5F20-4768-AA3C-9B544FD06295" /* en */,
				"TEMP_3F7A7A31-C497-467A-9491-6D5FC064C196" /* es */,
				"TEMP_735720D7-A90D-413B-A05A-E92E3726EE3B" /* fr */,
			);
			name = InfoPanel.xib;
			sourceTree = "<group>";
		};
		"TEMP_0FBEB3D5-0DFF-4439-ACF6-B01F10AF40D2" /* DonationPanel.xib */ = {
			isa = PBXVariantGroup;
			children = (
				"TEMP_C829E9D8-FFDC-4453-B854-4B9BA1F33D2B" /* de */,
				"TEMP_0A1B2907-95BC-4212-93B3-BC37ECFF1ED6" /* en */,
				"TEMP_43742F58-32D7-458A-B581-68B78F29B44F" /* es */,
				"TEMP_4B48A7E7-CCCD-4E71-BE1D-ABC07BB05996" /* fr */,
			);
			name = DonationPanel.xib;
			sourceTree = "<group>";
		};
		"TEMP_1E567C82-58C9-4222-BFCF-9AC24EE38BB8" /* TreeMap.xib */ = {
			isa = PBXVariantGroup;
			children = (
				"TEMP_C83DD7B9-DE81-4CAE-9A32-6BC7BFB1FF72" /* de */,
				"TEMP_0D11FDFD-010D-48E8-8C7E-D0E17E52C0D7" /* en */,
				"TEMP_AE3250E8-6A3B-4032-AE34-20381A25DCF2" /* es */,
				"TEMP_469C562E-1C90-4B38-858F-CDCFA1F5B800" /* fr */,
			);
			name = TreeMap.xib;
			sourceTree = "<group>";
		};
		"TEMP_21E5B6D0-3C0F-4539-9B12-EF119AEBE701" /* InfoPlist.strings */ = {
			isa = PBXVariantGroup;
			children = (
				"TEMP_0553E628-25B2-44B0-A611-7473AC356D5F" /* de */,
				"TEMP_6983A9DD-6F9E-4DD2-AC21-EE225B6FADFD" /* en */,
				"TEMP_6BE51A9E-FC54-4235-97E5-CD832A9E4267" /* es */,
				"TEMP_E1AE76F8-E212-4C02-9E2C-07C83157C23B" /* fr */,
			);
			name = InfoPlist.strings;
			sourceTree = "<group>";
		};
		"TEMP_2397BABA-6B9C-46BA-80E2-5A4DAF49C0E1" /* Preferences.strings */ = {
			isa = PBXVariantGroup;
			children = (
				"TEMP_8B43F768-D22B-4227-98DB-DA513ED5D1CC" /* de */,
				"TEMP_B479FA3A-A511-4303-B69C-DC5EFDA54FCC" /* en */,
				"TEMP_239215A9-3FF1-45B0-A052-601BD0E2518A" /* es */,
				"TEMP_DEEFAC4C-2E18-4190-9848-773DC042A9DB" /* fr */,
			);
			name = Preferences.strings;
			sourceTree = "<group>";
		};
		"TEMP_598E94DC-0D60-49C1-AC63-EFAB139B36D1" /* Localizable.strings */ = {
			isa = PBXVariantGroup;
			children = (
				"TEMP_FB0B4243-51E6-4BE5-9926-B1EF87A72176" /* de */,
				"TEMP_7C50C7D1-6720-4B86-B746-BA88B58356EA" /* en */,
				"TEMP_BFF8F988-5A6C-4D46-9FBF-AD0734837D3F" /* es */,
				"TEMP_7D06A1C5-5487-4319-8D59-F0AD8D7A9C5B" /* fr */,
			);
			name = Localizable.strings;
			sourceTree = "<group>";
		};
		"TEMP_5E978DCA-06A4-4EC4-8D8A-B22C9FAE181B" /* TreeMapPreferencesPage.xib */ = {
			isa = PBXVariantGroup;
			children = (
				"TEMP_24689D43-09D5-462F-9FB1-14B47466FD77" /* de */,
				"TEMP_A93A9B44-D59A-4B28-8833-3D5706289A2A" /* en */,
				"TEMP_9DC5B46A-F720-4F3B-AC6A-51914208DDEE" /* es */,
				"TEMP_6B51CA75-3EF0-4A6F-A771-58323E219719" /* fr */,
			);
			name = TreeMapPreferencesPage.xib;
			sourceTree = "<group>";
		};
		"TEMP_60DDAE1D-FDD6-45C4-89FE-8ED0E342EB90" /* Credits.rtf */ = {
			isa = PBXVariantGroup;
			children = (
				"TEMP_32084FE5-430C-432F-A8CF-17CB82E7F56B" /* de */,
				"TEMP_1B6019C5-762D-4B24-A800-F73BE2EEFC14" /* en */,
				"TEMP_5D6AB3D5-1C8F-425D-BFBD-8F2C19C74E25" /* es */,
				"TEMP_76C5929F-30A2-4D07-A43B-CA53729598FD" /* fr */,
			);
			name = Credits.rtf;
			sourceTree = "<group>";
		};
		"TEMP_8E955EFA-E204-47B7-82B3-149CACF49441" /* Help */ = {
			isa = PBXVariantGroup;
			children = (
				"TEMP_504CD6C4-5686-4B99-A504-D621B43CC3B0" /* de */,
				"TEMP_09B3F977-084E-4E3D-B0E8-965E81442D1F" /* en */,
				"TEMP_1AFB1D9A-4C20-4868-87B7-08063436DAB4" /* es */,
				"TEMP_6C893E55-E0B2-402E-9D70-4676DEC032DD" /* fr */,
			);
			name = Help;
			sourceTree = "<group>";
		};
		"TEMP_9C2682BF-7A07-4D35-89F6-38398540FC62" /* MainMenu.xib */ = {
			isa = PBXVariantGroup;
			children = (
				"TEMP_6F7E42B3-364B-4511-AD54-8598E3432BA1" /* de */,
				"TEMP_8384975C-CF1E-427F-A643-1CB19176AF84" /* en */,
				"TEMP_44F4CBAE-9BBC-4DF4-94D0-67E46F76CFBF" /* es */,
				"TEMP_E1EBECC2-E20C-40BA-9B01-F8210227F329" /* fr */,
			);
			name = MainMenu.xib;
			sourceTree = "<group>";
		};
		"TEMP_9DDA51A2-283F-4D63-AE89-6CB99CC4F2CA" /* GeneralPreferencesPage.xib */ = {
			isa = PBXVariantGroup;
			children = (
				"TEMP_5A4038F8-4803-40EA-9D67-4A5EC92EAF17" /* de */,
				"TEMP_591DFF2E-C9E0-4FC6-BC5E-88889B74B251" /* en */,
				"TEMP_9678D35C-F17E-40A8-A51E-903ACEB2A4EB" /* es */,
				"TEMP_08592BBD-AD85-4016-AF75-05A9482A544A" /* fr */,
			);
			name = GeneralPreferencesPage.xib;
			sourceTree = "<group>";
		};
		"TEMP_C67416F8-ACDA-44C4-BE95-8BAF9B14D433" /* VolumesPanel.xib */ = {
			isa = PBXVariantGroup;
			children = (
				"TEMP_88339A6C-A03F-492C-BBB8-6BFF3ADEE381" /* de */,
				"TEMP_495F3A17-3A34-4FED-B8E2-6F32A4E6E631" /* en */,
				"TEMP_338B8F80-D578-47FC-BF75-16769523D617" /* es */,
				"TEMP_53136332-CEB6-4AC1-8653-54AE99CCADE1" /* fr */,
			);
			name = VolumesPanel.xib;
			sourceTree = "<group>";
		};
/* End PBXVariantGroup section */

/* Begin XCBuildConfiguration section */
		328C684F1CABCEE287C540A8 /* Release */ = {
			isa = XCBuildConfiguration;
			buildSettings = {
				ASSETCATALOG_COMPILER_APPICON_NAME = AppIcon;
				CODE_SIGN_ENTITLEMENTS = "Disk Inventory X.entitlements";
				COMBINE_HIDPI_IMAGES = YES;
				HEADER_SEARCH_PATHS = (
					"$(SRCROOT)/TreeMapView",
				);
				INFOPLIST_FILE = Info.plist;
				LD_RUNPATH_SEARCH_PATHS = (
					"$(inherited)",
					"@executable_path/../Frameworks",
				);
				PRODUCT_BUNDLE_IDENTIFIER = io.github.jerryrt.DiskInventoryX;
				PRODUCT_NAME = "Disk Inventory X";
				SDKROOT = macosx;
			};
			name = Release;
		};
		78E8E071E10073962DCC3E08 /* Release */ = {
			isa = XCBuildConfiguration;
			buildSettings = {
				ALWAYS_SEARCH_USER_PATHS = NO;
				ARCHS = arm64;
				CLANG_ANALYZER_NONNULL = YES;
				CLANG_ANALYZER_NUMBER_OBJECT_CONVERSION = YES_AGGRESSIVE;
				CLANG_CXX_LANGUAGE_STANDARD = "gnu++14";
				CLANG_CXX_LIBRARY = "libc++";
				CLANG_ENABLE_MODULES = YES;
				CLANG_ENABLE_OBJC_ARC = NO;
				CLANG_ENABLE_OBJC_WEAK = YES;
				CLANG_WARN_BLOCK_CAPTURE_AUTORELEASING = YES;
				CLANG_WARN_BOOL_CONVERSION = YES;
				CLANG_WARN_COMMA = YES;
				CLANG_WARN_CONSTANT_CONVERSION = YES;
				CLANG_WARN_DEPRECATED_OBJC_IMPLEMENTATIONS = YES;
				CLANG_WARN_DIRECT_OBJC_ISA_USAGE = YES_ERROR;
				CLANG_WARN_DOCUMENTATION_COMMENTS = YES;
				CLANG_WARN_EMPTY_BODY = YES;
				CLANG_WARN_ENUM_CONVERSION = YES;
				CLANG_WARN_INFINITE_RECURSION = YES;
				CLANG_WARN_INT_CONVERSION = YES;
				CLANG_WARN_NON_LITERAL_NULL_CONVERSION = YES;
				CLANG_WARN_OBJC_IMPLICIT_RETAIN_SELF = YES;
				CLANG_WARN_OBJC_LITERAL_CONVERSION = YES;
				CLANG_WARN_OBJC_ROOT_CLASS = YES_ERROR;
				CLANG_WARN_QUOTED_INCLUDE_IN_FRAMEWORK_HEADER = YES;
				CLANG_WARN_RANGE_LOOP_ANALYSIS = YES;
				CLANG_WARN_STRICT_PROTOTYPES = YES;
				CLANG_WARN_SUSPICIOUS_MOVE = YES;
				CLANG_WARN_UNGUARDED_AVAILABILITY = YES_AGGRESSIVE;
				CLANG_WARN_UNREACHABLE_CODE = YES;
				CLANG_WARN__DUPLICATE_METHOD_MATCH = YES;
				CODE_SIGN_IDENTITY = "-";
				CODE_SIGN_STYLE = Automatic;
				COPY_PHASE_STRIP = NO;
				CURRENT_PROJECT_VERSION = 1;
				DEAD_CODE_STRIPPING = YES;
				DEBUG_INFORMATION_FORMAT = "dwarf-with-dsym";
				ENABLE_HARDENED_RUNTIME = YES;
				ENABLE_NS_ASSERTIONS = NO;
				ENABLE_STRICT_OBJC_MSGSEND = YES;
				GCC_C_LANGUAGE_STANDARD = gnu11;
				GCC_NO_COMMON_BLOCKS = YES;
				GCC_PRECOMPILE_PREFIX_HEADER = YES;
				GCC_PREFIX_HEADER = "Disk Inventory X_Prefix.pch";
				GCC_WARN_64_TO_32_BIT_CONVERSION = YES;
				GCC_WARN_ABOUT_RETURN_TYPE = YES_ERROR;
				GCC_WARN_UNDECLARED_SELECTOR = YES;
				GCC_WARN_UNINITIALIZED_AUTOS = YES_AGGRESSIVE;
				GCC_WARN_UNUSED_FUNCTION = YES;
				GCC_WARN_UNUSED_VARIABLE = YES;
				MACOSX_DEPLOYMENT_TARGET = 15.0;
				MARKETING_VERSION = 1.4;
				MTL_ENABLE_DEBUG_INFO = NO;
				MTL_FAST_MATH = YES;
				PRODUCT_NAME = "$(TARGET_NAME)";
				SDKROOT = macosx;
				SWIFT_COMPILATION_MODE = wholemodule;
				SWIFT_OPTIMIZATION_LEVEL = "-O";
				SWIFT_VERSION = 5.0;
			};
			name = Release;
		};
		95006E045049FFEBFE5C5E4A /* Debug */ = {
			isa = XCBuildConfiguration;
			buildSettings = {
				ASSETCATALOG_COMPILER_APPICON_NAME = AppIcon;
				CODE_SIGN_ENTITLEMENTS = "Disk Inventory X.entitlements";
				COMBINE_HIDPI_IMAGES = YES;
				HEADER_SEARCH_PATHS = (
					"$(SRCROOT)/TreeMapView",
				);
				INFOPLIST_FILE = Info.plist;
				LD_RUNPATH_SEARCH_PATHS = (
					"$(inherited)",
					"@executable_path/../Frameworks",
				);
				PRODUCT_BUNDLE_IDENTIFIER = io.github.jerryrt.DiskInventoryX;
				PRODUCT_NAME = "Disk Inventory X";
				SDKROOT = macosx;
			};
			name = Debug;
		};
		C17D3C8E2B59E5BC3A6706E5 /* Debug */ = {
			isa = XCBuildConfiguration;
			buildSettings = {
				ALWAYS_SEARCH_USER_PATHS = NO;
				ARCHS = arm64;
				CLANG_ANALYZER_NONNULL = YES;
				CLANG_ANALYZER_NUMBER_OBJECT_CONVERSION = YES_AGGRESSIVE;
				CLANG_CXX_LANGUAGE_STANDARD = "gnu++14";
				CLANG_CXX_LIBRARY = "libc++";
				CLANG_ENABLE_MODULES = YES;
				CLANG_ENABLE_OBJC_ARC = NO;
				CLANG_ENABLE_OBJC_WEAK = YES;
				CLANG_WARN_BLOCK_CAPTURE_AUTORELEASING = YES;
				CLANG_WARN_BOOL_CONVERSION = YES;
				CLANG_WARN_COMMA = YES;
				CLANG_WARN_CONSTANT_CONVERSION = YES;
				CLANG_WARN_DEPRECATED_OBJC_IMPLEMENTATIONS = YES;
				CLANG_WARN_DIRECT_OBJC_ISA_USAGE = YES_ERROR;
				CLANG_WARN_DOCUMENTATION_COMMENTS = YES;
				CLANG_WARN_EMPTY_BODY = YES;
				CLANG_WARN_ENUM_CONVERSION = YES;
				CLANG_WARN_INFINITE_RECURSION = YES;
				CLANG_WARN_INT_CONVERSION = YES;
				CLANG_WARN_NON_LITERAL_NULL_CONVERSION = YES;
				CLANG_WARN_OBJC_IMPLICIT_RETAIN_SELF = YES;
				CLANG_WARN_OBJC_LITERAL_CONVERSION = YES;
				CLANG_WARN_OBJC_ROOT_CLASS = YES_ERROR;
				CLANG_WARN_QUOTED_INCLUDE_IN_FRAMEWORK_HEADER = YES;
				CLANG_WARN_RANGE_LOOP_ANALYSIS = YES;
				CLANG_WARN_STRICT_PROTOTYPES = YES;
				CLANG_WARN_SUSPICIOUS_MOVE = YES;
				CLANG_WARN_UNGUARDED_AVAILABILITY = YES_AGGRESSIVE;
				CLANG_WARN_UNREACHABLE_CODE = YES;
				CLANG_WARN__DUPLICATE_METHOD_MATCH = YES;
				CODE_SIGN_IDENTITY = "-";
				CODE_SIGN_STYLE = Automatic;
				COPY_PHASE_STRIP = NO;
				CURRENT_PROJECT_VERSION = 1;
				DEAD_CODE_STRIPPING = YES;
				DEBUG_INFORMATION_FORMAT = dwarf;
				ENABLE_HARDENED_RUNTIME = YES;
				ENABLE_STRICT_OBJC_MSGSEND = YES;
				ENABLE_TESTABILITY = YES;
				GCC_C_LANGUAGE_STANDARD = gnu11;
				GCC_DYNAMIC_NO_PIC = NO;
				GCC_NO_COMMON_BLOCKS = YES;
				GCC_OPTIMIZATION_LEVEL = 0;
				GCC_PRECOMPILE_PREFIX_HEADER = YES;
				GCC_PREFIX_HEADER = "Disk Inventory X_Prefix.pch";
				GCC_PREPROCESSOR_DEFINITIONS = (
					"DEBUG=1",
					"$(inherited)",
				);
				GCC_WARN_64_TO_32_BIT_CONVERSION = YES;
				GCC_WARN_ABOUT_RETURN_TYPE = YES_ERROR;
				GCC_WARN_UNDECLARED_SELECTOR = YES;
				GCC_WARN_UNINITIALIZED_AUTOS = YES_AGGRESSIVE;
				GCC_WARN_UNUSED_FUNCTION = YES;
				GCC_WARN_UNUSED_VARIABLE = YES;
				MACOSX_DEPLOYMENT_TARGET = 15.0;
				MARKETING_VERSION = 1.4;
				MTL_ENABLE_DEBUG_INFO = INCLUDE_SOURCE;
				MTL_FAST_MATH = YES;
				ONLY_ACTIVE_ARCH = YES;
				PRODUCT_NAME = "$(TARGET_NAME)";
				SDKROOT = macosx;
				SWIFT_ACTIVE_COMPILATION_CONDITIONS = DEBUG;
				SWIFT_OPTIMIZATION_LEVEL = "-Onone";
				SWIFT_VERSION = 5.0;
			};
			name = Debug;
		};
/* End XCBuildConfiguration section */

/* Begin XCConfigurationList section */
		A4D24B3D34A6A72BFA218D77 /* Build configuration list for PBXNativeTarget "Disk Inventory X" */ = {
			isa = XCConfigurationList;
			buildConfigurations = (
				95006E045049FFEBFE5C5E4A /* Debug */,
				328C684F1CABCEE287C540A8 /* Release */,
			);
			defaultConfigurationIsVisible = 0;
			defaultConfigurationName = Debug;
		};
		D01ED15206A74014386A56C9 /* Build configuration list for PBXProject "Disk Inventory X" */ = {
			isa = XCConfigurationList;
			buildConfigurations = (
				C17D3C8E2B59E5BC3A6706E5 /* Debug */,
				78E8E071E10073962DCC3E08 /* Release */,
			);
			defaultConfigurationIsVisible = 0;
			defaultConfigurationName = Debug;
		};
/* End XCConfigurationList section */
	};
	rootObject = EEA3718B3D26CC1A25E0FE46 /* Project object */;
}
